
Microsoft Visual Studio Solution File, Format Version 12.00
# Visual Studio Version 18
VisualStudioVersion = 18.0.11121.172
MinimumVisualStudioVersion = 10.0.40219.1
Project("{2150E333-8FDC-42A3-9474-1A3956D46DE8}") = "src", "src", "{827E0CD3-B72D-47B6-A68D-7590B98EB39B}"
EndProject
Project("{FAE04EC0-301F-11D3-BF4B-00C04F79EFBC}") = "MvvmScarletToolkit", "src\MvvmScarletToolkit\MvvmScarletToolkit.csproj", "{733F74DA-0E42-430F-820B-8469272D9150}"
EndProject
Project("{FAE04EC0-301F-11D3-BF4B-00C04F79EFBC}") = "MvvmScarletToolkit.Abstractions", "src\MvvmScarletToolkit.Abstractions\MvvmScarletToolkit.Abstractions.csproj", "{7AE961F9-7D8C-424A-9BF2-F6327B320543}"
EndProject
Project("{FAE04EC0-301F-11D3-BF4B-00C04F79EFBC}") = "MvvmScarletToolkit.Avalonia", "src\MvvmScarletToolkit.Avalonia\MvvmScarletToolkit.Avalonia.csproj", "{462A07FE-7BCE-4C40-AC46-8BC08B7077B4}"
EndProject
Project("{FAE04EC0-301F-11D3-BF4B-00C04F79EFBC}") = "MvvmScarletToolkit.Commands", "src\MvvmScarletToolkit.Commands\MvvmScarletToolkit.Commands.csproj", "{0CFBFA93-FEE5-420A-A666-1754F85613C6}"
EndProject
Project("{FAE04EC0-301F-11D3-BF4B-00C04F79EFBC}") = "MvvmScarletToolkit.Observables", "src\MvvmScarletToolkit.Observables\MvvmScarletToolkit.Observables.csproj", "{5896D826-948F-4501-96B7-84FB0F5FFF94}"
EndProject
Project("{FAE04EC0-301F-11D3-BF4B-00C04F79EFBC}") = "MvvmScarletToolkit.Avalonia.Samples", "src\MvvmScarletToolkit.Avalonia.Samples\MvvmScarletToolkit.Avalonia.Samples.csproj", "{855CFFE2-0CA7-4255-AB0E-2060BC3CB9FB}"
EndProject
Project("{FAE04EC0-301F-11D3-BF4B-00C04F79EFBC}") = "MvvmScarletToolkit.Core.Samples", "src\MvvmScarletToolkit.Core.Samples\MvvmScarletToolkit.Core.Samples.csproj", "{A58481B1-8119-4AC6-AC57-3DCC999F0CED}"
EndProject
Project("{FAE04EC0-301F-11D3-BF4B-00C04F79EFBC}") = "MvvmScarletToolkit.ImageLoading", "src\MvvmScarletToolkit.ImageLoading\MvvmScarletToolkit.ImageLoading.csproj", "{C1101607-C995-48CE-B2EF-9D60B6130234}"
EndProject
Project("{FAE04EC0-301F-11D3-BF4B-00C04F79EFBC}") = "MvvmScarletToolkit.Incubator", "src\MvvmScarletToolkit.Incubator\MvvmScarletToolkit.Incubator.csproj", "{4C8D1086-5F50-4BCB-AF75-BC9FAA14A9C1}"
EndProject
Project("{FAE04EC0-301F-11D3-BF4B-00C04F79EFBC}") = "MvvmScarletToolkit.Mediator", "src\MvvmScarletToolkit.Mediator\MvvmScarletToolkit.Mediator.csproj", "{7164C51B-BD6B-40EE-BAB0-AF9C28631C32}"
EndProject
Project("{FAE04EC0-301F-11D3-BF4B-00C04F79EFBC}") = "MvvmScarletToolkit.Mediator.Benchmark", "src\MvvmScarletToolkit.Mediator.Benchmark\MvvmScarletToolkit.Mediator.Benchmark.csproj", "{3439D266-D789-4CF3-9BD2-BDA5AD01C2FD}"
EndProject
Project("{FAE04EC0-301F-11D3-BF4B-00C04F79EFBC}") = "MvvmScarletToolkit.Wpf", "src\MvvmScarletToolkit.Wpf\MvvmScarletToolkit.Wpf.csproj", "{E3E860DB-8229-4A1C-8FCD-8920C15A3CAC}"
EndProject
Project("{FAE04EC0-301F-11D3-BF4B-00C04F79EFBC}") = "MvvmScarletToolkit.Wpf.Samples", "src\MvvmScarletToolkit.Wpf.Samples\MvvmScarletToolkit.Wpf.Samples.csproj", "{A8BD1F31-0FB0-481A-8D5E-D48AD6C3CC84}"
EndProject
Project("{2150E333-8FDC-42A3-9474-1A3956D46DE8}") = "tests", "tests", "{0AB3BF05-4346-4AA6-1389-037BE0695223}"
EndProject
Project("{FAE04EC0-301F-11D3-BF4B-00C04F79EFBC}") = "MvvmScarletToolkit.Mediator.Tests", "tests\MvvmScarletToolkit.Mediator.Tests\MvvmScarletToolkit.Mediator.Tests.csproj", "{25C70CBE-37DF-4146-95D2-F0952B1E478E}"
EndProject
Project("{FAE04EC0-301F-11D3-BF4B-00C04F79EFBC}") = "MvvmScarletToolkit.Observables.Tests", "tests\MvvmScarletToolkit.Observables.Tests\MvvmScarletToolkit.Observables.Tests.csproj", "{773E6989-0912-4724-A940-981F18F4E57C}"
EndProject
Project("{FAE04EC0-301F-11D3-BF4B-00C04F79EFBC}") = "MvvmScarletToolkit.Wpf.Tests", "tests\MvvmScarletToolkit.Wpf.Tests\MvvmScarletToolkit.Wpf.Tests.csproj", "{9B2AC7C6-C0FE-47D7-8738-1A832843A181}"
EndProject
Project("{2150E333-8FDC-42A3-9474-1A3956D46DE8}") = "shared", "shared", "{D0D6B8B0-AC35-B3FA-0B96-A9B0E4A3253E}"
EndProject
Project("{FAE04EC0-301F-11D3-BF4B-00C04F79EFBC}") = "MvvmScarletToolkit.Test.Tracing", "tests\shared\MvvmScarletToolkit.Test.Tracing\MvvmScarletToolkit.Test.Tracing.csproj", "{1B0421E1-AD0D-402C-9B54-0252C48FD2A0}"
EndProject
Global
	GlobalSection(SolutionConfigurationPlatforms) = preSolution
		Debug|Any CPU = Debug|Any CPU
		Debug|x64 = Debug|x64
		Debug|x86 = Debug|x86
		Release|Any CPU = Release|Any CPU
		Release|x64 = Release|x64
		Release|x86 = Release|x86
	EndGlobalSection
	GlobalSection(ProjectConfigurationPlatforms) = postSolution
		{733F74DA-0E42-430F-820B-8469272D9150}.Debug|Any CPU.ActiveCfg = Debug|Any CPU
		{733F74DA-0E42-430F-820B-8469272D9150}.Debug|Any CPU.Build.0 = Debug|Any CPU
		{733F74DA-0E42-430F-820B-8469272D9150}.Debug|x64.ActiveCfg = Debug|Any CPU
		{733F74DA-0E42-430F-820B-8469272D9150}.Debug|x64.Build.0 = Debug|Any CPU
		{733F74DA-0E42-430F-820B-8469272D9150}.Debug|x86.ActiveCfg = Debug|Any CPU
		{733F74DA-0E42-430F-820B-8469272D9150}.Debug|x86.Build.0 = Debug|Any CPU
		{733F74DA-0E42-430F-820B-8469272D9150}.Release|Any CPU.ActiveCfg = Release|Any CPU
		{733F74DA-0E42-430F-820B-8469272D9150}.Release|Any CPU.Build.0 = Release|Any CPU
		{733F74DA-0E42-430F-820B-8469272D9150}.Release|x64.ActiveCfg = Release|Any CPU
		{733F74DA-0E42-430F-820B-8469272D9150}.Release|x64.Build.0 = Release|Any CPU
		{733F74DA-0E42-430F-820B-8469272D9150}.Release|x86.ActiveCfg = Release|Any CPU
		{733F74DA-0E42-430F-820B-8469272D9150}.Release|x86.Build.0 = Release|Any CPU
		{7AE961F9-7D8C-424A-9BF2-F6327B320543}.Debug|Any CPU.ActiveCfg = Debug|Any CPU
		{7AE961F9-7D8C-424A-9BF2-F6327B320543}.Debug|Any CPU.Build.0 = Debug|Any CPU
		{7AE961F9-7D8C-424A-9BF2-F6327B320543}.Debug|x64.ActiveCfg = Debug|Any CPU
		{7AE961F9-7D8C-424A-9BF2-F6327B320543}.Debug|x64.Build.0 = Debug|Any CPU
		{7AE961F9-7D8C-424A-9BF2-F6327B320543}.Debug|x86.ActiveCfg = Debug|Any CPU
		{7AE961F9-7D8C-424A-9BF2-F6327B320543}.Debug|x86.Build.0 = Debug|Any CPU
		{7AE961F9-7D8C-424A-9BF2-F6327B320543}.Release|Any CPU.ActiveCfg = Release|Any CPU
		{7AE961F9-7D8C-424A-9BF2-F6327B320543}.Release|Any CPU.Build.0 = Release|Any CPU
		{7AE961F9-7D8C-424A-9BF2-F6327B320543}.Release|x64.ActiveCfg = Release|Any CPU
		{7AE961F9-7D8C-424A-9BF2-F6327B320543}.Release|x64.Build.0 = Release|Any CPU
		{7AE961F9-7D8C-424A-9BF2-F6327B320543}.Release|x86.ActiveCfg = Release|Any CPU
		{7AE961F9-7D8C-424A-9BF2-F6327B320543}.Release|x86.Build.0 = Release|Any CPU
		{462A07FE-7BCE-4C40-AC46-8BC08B7077B4}.Debug|Any CPU.ActiveCfg = Debug|Any CPU
		{462A07FE-7BCE-4C40-AC46-8BC08B7077B4}.Debug|Any CPU.Build.0 = Debug|Any CPU
		{462A07FE-7BCE-4C40-AC46-8BC08B7077B4}.Debug|x64.ActiveCfg = Debug|Any CPU
		{462A07FE-7BCE-4C40-AC46-8BC08B7077B4}.Debug|x64.Build.0 = Debug|Any CPU
		{462A07FE-7BCE-4C40-AC46-8BC08B7077B4}.Debug|x86.ActiveCfg = Debug|Any CPU
		{462A07FE-7BCE-4C40-AC46-8BC08B7077B4}.Debug|x86.Build.0 = Debug|Any CPU
		{462A07FE-7BCE-4C40-AC46-8BC08B7077B4}.Release|Any CPU.ActiveCfg = Release|Any CPU
		{462A07FE-7BCE-4C40-AC46-8BC08B7077B4}.Release|Any CPU.Build.0 = Release|Any CPU
		{462A07FE-7BCE-4C40-AC46-8BC08B7077B4}.Release|x64.ActiveCfg = Release|Any CPU
		{462A07FE-7BCE-4C40-AC46-8BC08B7077B4}.Release|x64.Build.0 = Release|Any CPU
		{462A07FE-7BCE-4C40-AC46-8BC08B7077B4}.Release|x86.ActiveCfg = Release|Any CPU
		{462A07FE-7BCE-4C40-AC46-8BC08B7077B4}.Release|x86.Build.0 = Release|Any CPU
		{0CFBFA93-FEE5-420A-A666-1754F85613C6}.Debug|Any CPU.ActiveCfg = Debug|Any CPU
		{0CFBFA93-FEE5-420A-A666-1754F85613C6}.Debug|Any CPU.Build.0 = Debug|Any CPU
		{0CFBFA93-FEE5-420A-A666-1754F85613C6}.Debug|x64.ActiveCfg = Debug|Any CPU
		{0CFBFA93-FEE5-420A-A666-1754F85613C6}.Debug|x64.Build.0 = Debug|Any CPU
		{0CFBFA93-FEE5-420A-A666-1754F85613C6}.Debug|x86.ActiveCfg = Debug|Any CPU
		{0CFBFA93-FEE5-420A-A666-1754F85613C6}.Debug|x86.Build.0 = Debug|Any CPU
		{0CFBFA93-FEE5-420A-A666-1754F85613C6}.Release|Any CPU.ActiveCfg = Release|Any CPU
		{0CFBFA93-FEE5-420A-A666-1754F85613C6}.Release|Any CPU.Build.0 = Release|Any CPU
		{0CFBFA93-FEE5-420A-A666-1754F85613C6}.Release|x64.ActiveCfg = Release|Any CPU
		{0CFBFA93-FEE5-420A-A666-1754F85613C6}.Release|x64.Build.0 = Release|Any CPU
		{0CFBFA93-FEE5-420A-A666-1754F85613C6}.Release|x86.ActiveCfg = Release|Any CPU
		{0CFBFA93-FEE5-420A-A666-1754F85613C6}.Release|x86.Build.0 = Release|Any CPU
		{5896D826-948F-4501-96B7-84FB0F5FFF94}.Debug|Any CPU.ActiveCfg = Debug|Any CPU
		{5896D826-948F-4501-96B7-84FB0F5FFF94}.Debug|Any CPU.Build.0 = Debug|Any CPU
		{5896D826-948F-4501-96B7-84FB0F5FFF94}.Debug|x64.ActiveCfg = Debug|Any CPU
		{5896D826-948F-4501-96B7-84FB0F5FFF94}.Debug|x64.Build.0 = Debug|Any CPU
		{5896D826-948F-4501-96B7-84FB0F5FFF94}.Debug|x86.ActiveCfg = Debug|Any CPU
		{5896D826-948F-4501-96B7-84FB0F5FFF94}.Debug|x86.Build.0 = Debug|Any CPU
		{5896D826-948F-4501-96B7-84FB0F5FFF94}.Release|Any CPU.ActiveCfg = Release|Any CPU
		{5896D826-948F-4501-96B7-84FB0F5FFF94}.Release|Any CPU.Build.0 = Release|Any CPU
		{5896D826-948F-4501-96B7-84FB0F5FFF94}.Release|x64.ActiveCfg = Release|Any CPU
		{5896D826-948F-4501-96B7-84FB0F5FFF94}.Release|x64.Build.0 = Release|Any CPU
		{5896D826-948F-4501-96B7-84FB0F5FFF94}.Release|x86.ActiveCfg = Release|Any CPU
		{5896D826-948F-4501-96B7-84FB0F5FFF94}.Release|x86.Build.0 = Release|Any CPU
		{855CFFE2-0CA7-4255-AB0E-2060BC3CB9FB}.Debug|Any CPU.ActiveCfg = Debug|Any CPU
		{855CFFE2-0CA7-4255-AB0E-2060BC3CB9FB}.Debug|Any CPU.Build.0 = Debug|Any CPU
		{855CFFE2-0CA7-4255-AB0E-2060BC3CB9FB}.Debug|x64.ActiveCfg = Debug|Any CPU
		{855CFFE2-0CA7-4255-AB0E-2060BC3CB9FB}.Debug|x64.Build.0 = Debug|Any CPU
		{855CFFE2-0CA7-4255-AB0E-2060BC3CB9FB}.Debug|x86.ActiveCfg = Debug|Any CPU
		{855CFFE2-0CA7-4255-AB0E-2060BC3CB9FB}.Debug|x86.Build.0 = Debug|Any CPU
		{855CFFE2-0CA7-4255-AB0E-2060BC3CB9FB}.Release|Any CPU.ActiveCfg = Release|Any CPU
		{855CFFE2-0CA7-4255-AB0E-2060BC3CB9FB}.Release|Any CPU.Build.0 = Release|Any CPU
		{855CFFE2-0CA7-4255-AB0E-2060BC3CB9FB}.Release|x64.ActiveCfg = Release|Any CPU
		{855CFFE2-0CA7-4255-AB0E-2060BC3CB9FB}.Release|x64.Build.0 = Release|Any CPU
		{855CFFE2-0CA7-4255-AB0E-2060BC3CB9FB}.Release|x86.ActiveCfg = Release|Any CPU
		{855CFFE2-0CA7-4255-AB0E-2060BC3CB9FB}.Release|x86.Build.0 = Release|Any CPU
		{A58481B1-8119-4AC6-AC57-3DCC999F0CED}.Debug|Any CPU.ActiveCfg = Debug|Any CPU
		{A58481B1-8119-4AC6-AC57-3DCC999F0CED}.Debug|Any CPU.Build.0 = Debug|Any CPU
		{A58481B1-8119-4AC6-AC57-3DCC999F0CED}.Debug|x64.ActiveCfg = Debug|Any CPU
		{A58481B1-8119-4AC6-AC57-3DCC999F0CED}.Debug|x64.Build.0 = Debug|Any CPU
		{A58481B1-8119-4AC6-AC57-3DCC999F0CED}.Debug|x86.ActiveCfg = Debug|Any CPU
		{A58481B1-8119-4AC6-AC57-3DCC999F0CED}.Debug|x86.Build.0 = Debug|Any CPU
		{A58481B1-8119-4AC6-AC57-3DCC999F0CED}.Release|Any CPU.ActiveCfg = Release|Any CPU
		{A58481B1-8119-4AC6-AC57-3DCC999F0CED}.Release|Any CPU.Build.0 = Release|Any CPU
		{A58481B1-8119-4AC6-AC57-3DCC999F0CED}.Release|x64.ActiveCfg = Release|Any CPU
		{A58481B1-8119-4AC6-AC57-3DCC999F0CED}.Release|x64.Build.0 = Release|Any CPU
		{A58481B1-8119-4AC6-AC57-3DCC999F0CED}.Release|x86.ActiveCfg = Release|Any CPU
		{A58481B1-8119-4AC6-AC57-3DCC999F0CED}.Release|x86.Build.0 = Release|Any CPU
		{C1101607-C995-48CE-B2EF-9D60B6130234}.Debug|Any CPU.ActiveCfg = Debug|Any CPU
		{C1101607-C995-48CE-B2EF-9D60B6130234}.Debug|Any CPU.Build.0 = Debug|Any CPU
		{C1101607-C995-48CE-B2EF-9D60B6130234}.Debug|x64.ActiveCfg = Debug|Any CPU
		{C1101607-C995-48CE-B2EF-9D60B6130234}.Debug|x64.Build.0 = Debug|Any CPU
		{C1101607-C995-48CE-B2EF-9D60B6130234}.Debug|x86.ActiveCfg = Debug|Any CPU
		{C1101607-C995-48CE-B2EF-9D60B6130234}.Debug|x86.Build.0 = Debug|Any CPU
		{C1101607-C995-48CE-B2EF-9D60B6130234}.Release|Any CPU.ActiveCfg = Release|Any CPU
		{C1101607-C995-48CE-B2EF-9D60B6130234}.Release|Any CPU.Build.0 = Release|Any CPU
		{C1101607-C995-48CE-B2EF-9D60B6130234}.Release|x64.ActiveCfg = Release|Any CPU
		{C1101607-C995-48CE-B2EF-9D60B6130234}.Release|x64.Build.0 = Release|Any CPU
		{C1101607-C995-48CE-B2EF-9D60B6130234}.Release|x86.ActiveCfg = Release|Any CPU
		{C1101607-C995-48CE-B2EF-9D60B6130234}.Release|x86.Build.0 = Release|Any CPU
		{4C8D1086-5F50-4BCB-AF75-BC9FAA14A9C1}.Debug|Any CPU.ActiveCfg = Debug|Any CPU
		{4C8D1086-5F50-4BCB-AF75-BC9FAA14A9C1}.Debug|Any CPU.Build.0 = Debug|Any CPU
		{4C8D1086-5F50-4BCB-AF75-BC9FAA14A9C1}.Debug|x64.ActiveCfg = Debug|Any CPU
		{4C8D1086-5F50-4BCB-AF75-BC9FAA14A9C1}.Debug|x64.Build.0 = Debug|Any CPU
		{4C8D1086-5F50-4BCB-AF75-BC9FAA14A9C1}.Debug|x86.ActiveCfg = Debug|Any CPU
		{4C8D1086-5F50-4BCB-AF75-BC9FAA14A9C1}.Debug|x86.Build.0 = Debug|Any CPU
		{4C8D1086-5F50-4BCB-AF75-BC9FAA14A9C1}.Release|Any CPU.ActiveCfg = Release|Any CPU
		{4C8D1086-5F50-4BCB-AF75-BC9FAA14A9C1}.Release|Any CPU.Build.0 = Release|Any CPU
		{4C8D1086-5F50-4BCB-AF75-BC9FAA14A9C1}.Release|x64.ActiveCfg = Release|Any CPU
		{4C8D1086-5F50-4BCB-AF75-BC9FAA14A9C1}.Release|x64.Build.0 = Release|Any CPU
		{4C8D1086-5F50-4BCB-AF75-BC9FAA14A9C1}.Release|x86.ActiveCfg = Release|Any CPU
		{4C8D1086-5F50-4BCB-AF75-BC9FAA14A9C1}.Release|x86.Build.0 = Release|Any CPU
		{7164C51B-BD6B-40EE-BAB0-AF9C28631C32}.Debug|Any CPU.ActiveCfg = Debug|Any CPU
		{7164C51B-BD6B-40EE-BAB0-AF9C28631C32}.Debug|Any CPU.Build.0 = Debug|Any CPU
		{7164C51B-BD6B-40EE-BAB0-AF9C28631C32}.Debug|x64.ActiveCfg = Debug|Any CPU
		{7164C51B-BD6B-40EE-BAB0-AF9C28631C32}.Debug|x64.Build.0 = Debug|Any CPU
		{7164C51B-BD6B-40EE-BAB0-AF9C28631C32}.Debug|x86.ActiveCfg = Debug|Any CPU
		{7164C51B-BD6B-40EE-BAB0-AF9C28631C32}.Debug|x86.Build.0 = Debug|Any CPU
		{7164C51B-BD6B-40EE-BAB0-AF9C28631C32}.Release|Any CPU.ActiveCfg = Release|Any CPU
		{7164C51B-BD6B-40EE-BAB0-AF9C28631C32}.Release|Any CPU.Build.0 = Release|Any CPU
		{7164C51B-BD6B-40EE-BAB0-AF9C28631C32}.Release|x64.ActiveCfg = Release|Any CPU
		{7164C51B-BD6B-40EE-BAB0-AF9C28631C32}.Release|x64.Build.0 = Release|Any CPU
		{7164C51B-BD6B-40EE-BAB0-AF9C28631C32}.Release|x86.ActiveCfg = Release|Any CPU
		{7164C51B-BD6B-40EE-BAB0-AF9C28631C32}.Release|x86.Build.0 = Release|Any CPU
		{3439D266-D789-4CF3-9BD2-BDA5AD01C2FD}.Debug|Any CPU.ActiveCfg = Debug|Any CPU
		{3439D266-D789-4CF3-9BD2-BDA5AD01C2FD}.Debug|Any CPU.Build.0 = Debug|Any CPU
		{3439D266-D789-4CF3-9BD2-BDA5AD01C2FD}.Debug|x64.ActiveCfg = Debug|Any CPU
		{3439D266-D789-4CF3-9BD2-BDA5AD01C2FD}.Debug|x64.Build.0 = Debug|Any CPU
		{3439D266-D789-4CF3-9BD2-BDA5AD01C2FD}.Debug|x86.ActiveCfg = Debug|Any CPU
		{3439D266-D789-4CF3-9BD2-BDA5AD01C2FD}.Debug|x86.Build.0 = Debug|Any CPU
		{3439D266-D789-4CF3-9BD2-BDA5AD01C2FD}.Release|Any CPU.ActiveCfg = Release|Any CPU
		{3439D266-D789-4CF3-9BD2-BDA5AD01C2FD}.Release|Any CPU.Build.0 = Release|Any CPU
		{3439D266-D789-4CF3-9BD2-BDA5AD01C2FD}.Release|x64.ActiveCfg = Release|Any CPU
		{3439D266-D789-4CF3-9BD2-BDA5AD01C2FD}.Release|x64.Build.0 = Release|Any CPU
		{3439D266-D789-4CF3-9BD2-BDA5AD01C2FD}.Release|x86.ActiveCfg = Release|Any CPU
		{3439D266-D789-4CF3-9BD2-BDA5AD01C2FD}.Release|x86.Build.0 = Release|Any CPU
		{E3E860DB-8229-4A1C-8FCD-8920C15A3CAC}.Debug|Any CPU.ActiveCfg = Debug|Any CPU
		{E3E860DB-8229-4A1C-8FCD-8920C15A3CAC}.Debug|Any CPU.Build.0 = Debug|Any CPU
		{E3E860DB-8229-4A1C-8FCD-8920C15A3CAC}.Debug|x64.ActiveCfg = Debug|Any CPU
		{E3E860DB-8229-4A1C-8FCD-8920C15A3CAC}.Debug|x64.Build.0 = Debug|Any CPU
		{E3E860DB-8229-4A1C-8FCD-8920C15A3CAC}.Debug|x86.ActiveCfg = Debug|Any CPU
		{E3E860DB-8229-4A1C-8FCD-8920C15A3CAC}.Debug|x86.Build.0 = Debug|Any CPU
		{E3E860DB-8229-4A1C-8FCD-8920C15A3CAC}.Release|Any CPU.ActiveCfg = Release|Any CPU
		{E3E860DB-8229-4A1C-8FCD-8920C15A3CAC}.Release|Any CPU.Build.0 = Release|Any CPU
		{E3E860DB-8229-4A1C-8FCD-8920C15A3CAC}.Release|x64.ActiveCfg = Release|Any CPU
		{E3E860DB-8229-4A1C-8FCD-8920C15A3CAC}.Release|x64.Build.0 = Release|Any CPU
		{E3E860DB-8229-4A1C-8FCD-8920C15A3CAC}.Release|x86.ActiveCfg = Release|Any CPU
		{E3E860DB-8229-4A1C-8FCD-8920C15A3CAC}.Release|x86.Build.0 = Release|Any CPU
		{A8BD1F31-0FB0-481A-8D5E-D48AD6C3CC84}.Debug|Any CPU.ActiveCfg = Debug|Any CPU
		{A8BD1F31-0FB0-481A-8D5E-D48AD6C3CC84}.Debug|Any CPU.Build.0 = Debug|Any CPU
		{A8BD1F31-0FB0-481A-8D5E-D48AD6C3CC84}.Debug|x64.ActiveCfg = Debug|Any CPU
		{A8BD1F31-0FB0-481A-8D5E-D48AD6C3CC84}.Debug|x64.Build.0 = Debug|Any CPU
		{A8BD1F31-0FB0-481A-8D5E-D48AD6C3CC84}.Debug|x86.ActiveCfg = Debug|Any CPU
		{A8BD1F31-0FB0-481A-8D5E-D48AD6C3CC84}.Debug|x86.Build.0 = Debug|Any CPU
		{A8BD1F31-0FB0-481A-8D5E-D48AD6C3CC84}.Release|Any CPU.ActiveCfg = Release|Any CPU
		{A8BD1F31-0FB0-481A-8D5E-D48AD6C3CC84}.Release|Any CPU.Build.0 = Release|Any CPU
		{A8BD1F31-0FB0-481A-8D5E-D48AD6C3CC84}.Release|x64.ActiveCfg = Release|Any CPU
		{A8BD1F31-0FB0-481A-8D5E-D48AD6C3CC84}.Release|x64.Build.0 = Release|Any CPU
		{A8BD1F31-0FB0-481A-8D5E-D48AD6C3CC84}.Release|x86.ActiveCfg = Release|Any CPU
		{A8BD1F31-0FB0-481A-8D5E-D48AD6C3CC84}.Release|x86.Build.0 = Release|Any CPU
		{25C70CBE-37DF-4146-95D2-F0952B1E478E}.Debug|Any CPU.ActiveCfg = Debug|Any CPU
		{25C70CBE-37DF-4146-95D2-F0952B1E478E}.Debug|Any CPU.Build.0 = Debug|Any CPU
		{25C70CBE-37DF-4146-95D2-F0952B1E478E}.Debug|x64.ActiveCfg = Debug|Any CPU
		{25C70CBE-37DF-4146-95D2-F0952B1E478E}.Debug|x64.Build.0 = Debug|Any CPU
		{25C70CBE-37DF-4146-95D2-F0952B1E478E}.Debug|x86.ActiveCfg = Debug|Any CPU
		{25C70CBE-37DF-4146-95D2-F0952B1E478E}.Debug|x86.Build.0 = Debug|Any CPU
		{25C70CBE-37DF-4146-95D2-F0952B1E478E}.Release|Any CPU.ActiveCfg = Release|Any CPU
		{25C70CBE-37DF-4146-95D2-F0952B1E478E}.Release|Any CPU.Build.0 = Release|Any CPU
		{25C70CBE-37DF-4146-95D2-F0952B1E478E}.Release|x64.ActiveCfg = Release|Any CPU
		{25C70CBE-37DF-4146-95D2-F0952B1E478E}.Release|x64.Build.0 = Release|Any CPU
		{25C70CBE-37DF-4146-95D2-F0952B1E478E}.Release|x86.ActiveCfg = Release|Any CPU
		{25C70CBE-37DF-4146-95D2-F0952B1E478E}.Release|x86.Build.0 = Release|Any CPU
		{773E6989-0912-4724-A940-981F18F4E57C}.Debug|Any CPU.ActiveCfg = Debug|Any CPU
		{773E6989-0912-4724-A940-981F18F4E57C}.Debug|Any CPU.Build.0 = Debug|Any CPU
		{773E6989-0912-4724-A940-981F18F4E57C}.Debug|x64.ActiveCfg = Debug|Any CPU
		{773E6989-0912-4724-A940-981F18F4E57C}.Debug|x64.Build.0 = Debug|Any CPU
		{773E6989-0912-4724-A940-981F18F4E57C}.Debug|x86.ActiveCfg = Debug|Any CPU
		{773E6989-0912-4724-A940-981F18F4E57C}.Debug|x86.Build.0 = Debug|Any CPU
		{773E6989-0912-4724-A940-981F18F4E57C}.Release|Any CPU.ActiveCfg = Release|Any CPU
		{773E6989-0912-4724-A940-981F18F4E57C}.Release|Any CPU.Build.0 = Release|Any CPU
		{773E6989-0912-4724-A940-981F18F4E57C}.Release|x64.ActiveCfg = Release|Any CPU
		{773E6989-0912-4724-A940-981F18F4E57C}.Release|x64.Build.0 = Release|Any CPU
		{773E6989-0912-4724-A940-981F18F4E57C}.Release|x86.ActiveCfg = Release|Any CPU
		{773E6989-0912-4724-A940-981F18F4E57C}.Release|x86.Build.0 = Release|Any CPU
		{9B2AC7C6-C0FE-47D7-8738-1A832843A181}.Debug|Any CPU.ActiveCfg = Debug|Any CPU
		{9B2AC7C6-C0FE-47D7-8738-1A832843A181}.Debug|Any CPU.Build.0 = Debug|Any CPU
		{9B2AC7C6-C0FE-47D7-8738-1A832843A181}.Debug|x64.ActiveCfg = Debug|Any CPU
		{9B2AC7C6-C0FE-47D7-8738-1A832843A181}.Debug|x64.Build.0 = Debug|Any CPU
		{9B2AC7C6-C0FE-47D7-8738-1A832843A181}.Debug|x86.ActiveCfg = Debug|Any CPU
		{9B2AC7C6-C0FE-47D7-8738-1A832843A181}.Debug|x86.Build.0 = Debug|Any CPU
		{9B2AC7C6-C0FE-47D7-8738-1A832843A181}.Release|Any CPU.ActiveCfg = Release|Any CPU
		{9B2AC7C6-C0FE-47D7-8738-1A832843A181}.Release|Any CPU.Build.0 = Release|Any CPU
		{9B2AC7C6-C0FE-47D7-8738-1A832843A181}.Release|x64.ActiveCfg = Release|Any CPU
		{9B2AC7C6-C0FE-47D7-8738-1A832843A181}.Release|x64.Build.0 = Release|Any CPU
		{9B2AC7C6-C0FE-47D7-8738-1A832843A181}.Release|x86.ActiveCfg = Release|Any CPU
		{9B2AC7C6-C0FE-47D7-8738-1A832843A181}.Release|x86.Build.0 = Release|Any CPU
		{1B0421E1-AD0D-402C-9B54-0252C48FD2A0}.Debug|Any CPU.ActiveCfg = Debug|Any CPU
		{1B0421E1-AD0D-402C-9B54-0252C48FD2A0}.Debug|Any CPU.Build.0 = Debug|Any CPU
		{1B0421E1-AD0D-402C-9B54-0252C48FD2A0}.Debug|x64.ActiveCfg = Debug|Any CPU
		{1B0421E1-AD0D-402C-9B54-0252C48FD2A0}.Debug|x64.Build.0 = Debug|Any CPU
		{1B0421E1-AD0D-402C-9B54-0252C48FD2A0}.Debug|x86.ActiveCfg = Debug|Any CPU
		{1B0421E1-AD0D-402C-9B54-0252C48FD2A0}.Debug|x86.Build.0 = Debug|Any CPU
		{1B0421E1-AD0D-402C-9B54-0252C48FD2A0}.Release|Any CPU.ActiveCfg = Release|Any CPU
		{1B0421E1-AD0D-402C-9B54-0252C48FD2A0}.Release|Any CPU.Build.0 = Release|Any CPU
		{1B0421E1-AD0D-402C-9B54-0252C48FD2A0}.Release|x64.ActiveCfg = Release|Any CPU
		{1B0421E1-AD0D-402C-9B54-0252C48FD2A0}.Release|x64.Build.0 = Release|Any CPU
		{1B0421E1-AD0D-402C-9B54-0252C48FD2A0}.Release|x86.ActiveCfg = Release|Any CPU
		{1B0421E1-AD0D-402C-9B54-0252C48FD2A0}.Release|x86.Build.0 = Release|Any CPU
	EndGlobalSection
	GlobalSection(SolutionProperties) = preSolution
		HideSolutionNode = FALSE
	EndGlobalSection
	GlobalSection(NestedProjects) = preSolution
		{733F74DA-0E42-430F-820B-8469272D9150} = {827E0CD3-B72D-47B6-A68D-7590B98EB39B}
		{7AE961F9-7D8C-424A-9BF2-F6327B320543} = {827E0CD3-B72D-47B6-A68D-7590B98EB39B}
		{462A07FE-7BCE-4C40-AC46-8BC08B7077B4} = {827E0CD3-B72D-47B6-A68D-7590B98EB39B}
		{0CFBFA93-FEE5-420A-A666-1754F85613C6} = {827E0CD3-B72D-47B6-A68D-7590B98EB39B}
		{5896D826-948F-4501-96B7-84FB0F5FFF94} = {827E0CD3-B72D-47B6-A68D-7590B98EB39B}
		{855CFFE2-0CA7-4255-AB0E-2060BC3CB9FB} = {827E0CD3-B72D-47B6-A68D-7590B98EB39B}
		{A58481B1-8119-4AC6-AC57-3DCC999F0CED} = {827E0CD3-B72D-47B6-A68D-7590B98EB39B}
		{C1101607-C995-48CE-B2EF-9D60B6130234} = {827E0CD3-B72D-47B6-A68D-7590B98EB39B}
		{4C8D1086-5F50-4BCB-AF75-BC9FAA14A9C1} = {827E0CD3-B72D-47B6-A68D-7590B98EB39B}
		{7164C51B-BD6B-40EE-BAB0-AF9C28631C32} = {827E0CD3-B72D-47B6-A68D-7590B98EB39B}
		{3439D266-D789-4CF3-9BD2-BDA5AD01C2FD} = {827E0CD3-B72D-47B6-A68D-7590B98EB39B}
		{E3E860DB-8229-4A1C-8FCD-8920C15A3CAC} = {827E0CD3-B72D-47B6-A68D-7590B98EB39B}
		{A8BD1F31-0FB0-481A-8D5E-D48AD6C3CC84} = {827E0CD3-B72D-47B6-A68D-7590B98EB39B}
		{25C70CBE-37DF-4146-95D2-F0952B1E478E} = {0AB3BF05-4346-4AA6-1389-037BE0695223}
		{773E6989-0912-4724-A940-981F18F4E57C} = {0AB3BF05-4346-4AA6-1389-037BE0695223}
		{9B2AC7C6-C0FE-47D7-8738-1A832843A181} = {0AB3BF05-4346-4AA6-1389-037BE0695223}
		{D0D6B8B0-AC35-B3FA-0B96-A9B0E4A3253E} = {0AB3BF05-4346-4AA6-1389-037BE0695223}
		{1B0421E1-AD0D-402C-9B54-0252C48FD2A0} = {D0D6B8B0-AC35-B3FA-0B96-A9B0E4A3253E}
	EndGlobalSection
EndGlobal
