
Microsoft Visual Studio Solution File, Format Version 12.00
# Visual Studio Version 17
VisualStudioVersion = 17.0.31903.59
MinimumVisualStudioVersion = 10.0.40219.1
Project("{2150E333-8FDC-42A3-9474-1A3956D46DE8}") = "cake", "cake", "{2C2470AA-8E92-2DCC-0362-B4FF0A416377}"
EndProject
Project("{FAE04EC0-301F-11D3-BF4B-00C04F79EFBC}") = "Build", "cake\Build.csproj", "{1AA3DBD8-4383-4EA2-84F8-52568D69A998}"
EndProject
Project("{2150E333-8FDC-42A3-9474-1A3956D46DE8}") = "samples", "samples", "{5D20AA90-6969-D8BD-9DCD-8634F4692FDA}"
EndProject
Project("{FAE04EC0-301F-11D3-BF4B-00C04F79EFBC}") = "MvvmScarletToolkit.Avalonia.Samples", "samples\MvvmScarletToolkit.Avalonia.Samples\MvvmScarletToolkit.Avalonia.Samples.csproj", "{8475050D-C2E4-4E66-941C-651AFF3E03FD}"
EndProject
Project("{2150E333-8FDC-42A3-9474-1A3956D46DE8}") = "src", "src", "{827E0CD3-B72D-47B6-A68D-7590B98EB39B}"
EndProject
Project("{FAE04EC0-301F-11D3-BF4B-00C04F79EFBC}") = "MvvmScarletToolkit.Avalonia", "src\MvvmScarletToolkit.Avalonia\MvvmScarletToolkit.Avalonia.csproj", "{657C99AB-6352-4FF1-8159-820A78C08BE0}"
EndProject
Project("{FAE04EC0-301F-11D3-BF4B-00C04F79EFBC}") = "MvvmScarletToolkit.Abstractions", "src\MvvmScarletToolkit.Abstractions\MvvmScarletToolkit.Abstractions.csproj", "{FFB028E7-4DE6-4127-BD4D-30973617B38A}"
EndProject
Project("{FAE04EC0-301F-11D3-BF4B-00C04F79EFBC}") = "MvvmScarletToolkit.Commands", "src\MvvmScarletToolkit.Commands\MvvmScarletToolkit.Commands.csproj", "{FDBD72D6-5A72-4246-A78C-67922A8F25C7}"
EndProject
Project("{FAE04EC0-301F-11D3-BF4B-00C04F79EFBC}") = "MvvmScarletToolkit.Observables", "src\MvvmScarletToolkit.Observables\MvvmScarletToolkit.Observables.csproj", "{8354B9AA-3A4A-4D86-9CD3-1BEF1085416A}"
EndProject
Project("{FAE04EC0-301F-11D3-BF4B-00C04F79EFBC}") = "MvvmScarletToolkit", "src\MvvmScarletToolkit\MvvmScarletToolkit.csproj", "{7552F0DA-8DB4-472D-B56B-B410E624A751}"
EndProject
Project("{FAE04EC0-301F-11D3-BF4B-00C04F79EFBC}") = "MvvmScarletToolkit.Core.Samples", "samples\MvvmScarletToolkit.Core.Samples\MvvmScarletToolkit.Core.Samples.csproj", "{0053026D-2AAC-4A76-9DEF-8A1751A9C3C8}"
EndProject
Project("{FAE04EC0-301F-11D3-BF4B-00C04F79EFBC}") = "MvvmScarletToolkit.ImageLoading", "src\MvvmScarletToolkit.ImageLoading\MvvmScarletToolkit.ImageLoading.csproj", "{1F001E01-63E2-4B26-AF8D-EECE6FADF210}"
EndProject
Project("{FAE04EC0-301F-11D3-BF4B-00C04F79EFBC}") = "MvvmScarletToolkit.Incubator", "samples\MvvmScarletToolkit.Incubator\MvvmScarletToolkit.Incubator.csproj", "{F5ADA760-C7DB-4891-8A5B-AF435D1B265D}"
EndProject
Project("{FAE04EC0-301F-11D3-BF4B-00C04F79EFBC}") = "MvvmScarletToolkit.Mediator.Benchmark", "samples\MvvmScarletToolkit.Mediator.Benchmark\MvvmScarletToolkit.Mediator.Benchmark.csproj", "{E57C6777-7C49-4097-9110-931C0297D44F}"
EndProject
Project("{FAE04EC0-301F-11D3-BF4B-00C04F79EFBC}") = "MvvmScarletToolkit.Mediator", "src\MvvmScarletToolkit.Mediator\MvvmScarletToolkit.Mediator.csproj", "{7D80D740-FF74-4017-BA1D-D663B846E553}"
EndProject
Project("{FAE04EC0-301F-11D3-BF4B-00C04F79EFBC}") = "MvvmScarletToolkit.Wpf.Samples", "samples\MvvmScarletToolkit.Wpf.Samples\MvvmScarletToolkit.Wpf.Samples.csproj", "{63358A4F-7B23-4E04-8FBA-40D83D0DA70E}"
EndProject
Project("{FAE04EC0-301F-11D3-BF4B-00C04F79EFBC}") = "MvvmScarletToolkit.Wpf", "src\MvvmScarletToolkit.Wpf\MvvmScarletToolkit.Wpf.csproj", "{AE7FB7BB-8C79-472E-B294-06B9E9F34107}"
EndProject
Project("{2150E333-8FDC-42A3-9474-1A3956D46DE8}") = "tests", "tests", "{0AB3BF05-4346-4AA6-1389-037BE0695223}"
EndProject
Project("{FAE04EC0-301F-11D3-BF4B-00C04F79EFBC}") = "MvvmScarletToolkit.Mediator.Tests", "tests\MvvmScarletToolkit.Mediator.Tests\MvvmScarletToolkit.Mediator.Tests.csproj", "{9813A625-3459-4244-93BF-CCA59DB5AF33}"
EndProject
Project("{2150E333-8FDC-42A3-9474-1A3956D46DE8}") = "shared", "shared", "{D0D6B8B0-AC35-B3FA-0B96-A9B0E4A3253E}"
EndProject
Project("{FAE04EC0-301F-11D3-BF4B-00C04F79EFBC}") = "MvvmScarletToolkit.Test.Tracing", "tests\shared\MvvmScarletToolkit.Test.Tracing\MvvmScarletToolkit.Test.Tracing.csproj", "{775DD0B2-ABF2-4310-BE54-1CBC1168F5BF}"
EndProject
Project("{FAE04EC0-301F-11D3-BF4B-00C04F79EFBC}") = "MvvmScarletToolkit.Observables.Tests", "tests\MvvmScarletToolkit.Observables.Tests\MvvmScarletToolkit.Observables.Tests.csproj", "{ECCF1236-FAAD-4032-ACCC-FC0B730CF01D}"
EndProject
Project("{FAE04EC0-301F-11D3-BF4B-00C04F79EFBC}") = "MvvmScarletToolkit.Wpf.Tests", "tests\MvvmScarletToolkit.Wpf.Tests\MvvmScarletToolkit.Wpf.Tests.csproj", "{13600617-08C2-4ECC-969E-3F6AEA5C2FA2}"
EndProject
Global
	GlobalSection(SolutionConfigurationPlatforms) = preSolution
		Debug|Any CPU = Debug|Any CPU
		Debug|x64 = Debug|x64
		Debug|x86 = Debug|x86
		Release|Any CPU = Release|Any CPU
		Release|x64 = Release|x64
		Release|x86 = Release|x86
	EndGlobalSection
	GlobalSection(ProjectConfigurationPlatforms) = postSolution
		{1AA3DBD8-4383-4EA2-84F8-52568D69A998}.Debug|Any CPU.ActiveCfg = Debug|Any CPU
		{1AA3DBD8-4383-4EA2-84F8-52568D69A998}.Debug|Any CPU.Build.0 = Debug|Any CPU
		{1AA3DBD8-4383-4EA2-84F8-52568D69A998}.Debug|x64.ActiveCfg = Debug|Any CPU
		{1AA3DBD8-4383-4EA2-84F8-52568D69A998}.Debug|x64.Build.0 = Debug|Any CPU
		{1AA3DBD8-4383-4EA2-84F8-52568D69A998}.Debug|x86.ActiveCfg = Debug|Any CPU
		{1AA3DBD8-4383-4EA2-84F8-52568D69A998}.Debug|x86.Build.0 = Debug|Any CPU
		{1AA3DBD8-4383-4EA2-84F8-52568D69A998}.Release|Any CPU.ActiveCfg = Release|Any CPU
		{1AA3DBD8-4383-4EA2-84F8-52568D69A998}.Release|Any CPU.Build.0 = Release|Any CPU
		{1AA3DBD8-4383-4EA2-84F8-52568D69A998}.Release|x64.ActiveCfg = Release|Any CPU
		{1AA3DBD8-4383-4EA2-84F8-52568D69A998}.Release|x64.Build.0 = Release|Any CPU
		{1AA3DBD8-4383-4EA2-84F8-52568D69A998}.Release|x86.ActiveCfg = Release|Any CPU
		{1AA3DBD8-4383-4EA2-84F8-52568D69A998}.Release|x86.Build.0 = Release|Any CPU
		{8475050D-C2E4-4E66-941C-651AFF3E03FD}.Debug|Any CPU.ActiveCfg = Debug|Any CPU
		{8475050D-C2E4-4E66-941C-651AFF3E03FD}.Debug|Any CPU.Build.0 = Debug|Any CPU
		{8475050D-C2E4-4E66-941C-651AFF3E03FD}.Debug|x64.ActiveCfg = Debug|Any CPU
		{8475050D-C2E4-4E66-941C-651AFF3E03FD}.Debug|x64.Build.0 = Debug|Any CPU
		{8475050D-C2E4-4E66-941C-651AFF3E03FD}.Debug|x86.ActiveCfg = Debug|Any CPU
		{8475050D-C2E4-4E66-941C-651AFF3E03FD}.Debug|x86.Build.0 = Debug|Any CPU
		{8475050D-C2E4-4E66-941C-651AFF3E03FD}.Release|Any CPU.ActiveCfg = Release|Any CPU
		{8475050D-C2E4-4E66-941C-651AFF3E03FD}.Release|Any CPU.Build.0 = Release|Any CPU
		{8475050D-C2E4-4E66-941C-651AFF3E03FD}.Release|x64.ActiveCfg = Release|Any CPU
		{8475050D-C2E4-4E66-941C-651AFF3E03FD}.Release|x64.Build.0 = Release|Any CPU
		{8475050D-C2E4-4E66-941C-651AFF3E03FD}.Release|x86.ActiveCfg = Release|Any CPU
		{8475050D-C2E4-4E66-941C-651AFF3E03FD}.Release|x86.Build.0 = Release|Any CPU
		{657C99AB-6352-4FF1-8159-820A78C08BE0}.Debug|Any CPU.ActiveCfg = Debug|Any CPU
		{657C99AB-6352-4FF1-8159-820A78C08BE0}.Debug|Any CPU.Build.0 = Debug|Any CPU
		{657C99AB-6352-4FF1-8159-820A78C08BE0}.Debug|x64.ActiveCfg = Debug|Any CPU
		{657C99AB-6352-4FF1-8159-820A78C08BE0}.Debug|x64.Build.0 = Debug|Any CPU
		{657C99AB-6352-4FF1-8159-820A78C08BE0}.Debug|x86.ActiveCfg = Debug|Any CPU
		{657C99AB-6352-4FF1-8159-820A78C08BE0}.Debug|x86.Build.0 = Debug|Any CPU
		{657C99AB-6352-4FF1-8159-820A78C08BE0}.Release|Any CPU.ActiveCfg = Release|Any CPU
		{657C99AB-6352-4FF1-8159-820A78C08BE0}.Release|Any CPU.Build.0 = Release|Any CPU
		{657C99AB-6352-4FF1-8159-820A78C08BE0}.Release|x64.ActiveCfg = Release|Any CPU
		{657C99AB-6352-4FF1-8159-820A78C08BE0}.Release|x64.Build.0 = Release|Any CPU
		{657C99AB-6352-4FF1-8159-820A78C08BE0}.Release|x86.ActiveCfg = Release|Any CPU
		{657C99AB-6352-4FF1-8159-820A78C08BE0}.Release|x86.Build.0 = Release|Any CPU
		{FFB028E7-4DE6-4127-BD4D-30973617B38A}.Debug|Any CPU.ActiveCfg = Debug|Any CPU
		{FFB028E7-4DE6-4127-BD4D-30973617B38A}.Debug|Any CPU.Build.0 = Debug|Any CPU
		{FFB028E7-4DE6-4127-BD4D-30973617B38A}.Debug|x64.ActiveCfg = Debug|Any CPU
		{FFB028E7-4DE6-4127-BD4D-30973617B38A}.Debug|x64.Build.0 = Debug|Any CPU
		{FFB028E7-4DE6-4127-BD4D-30973617B38A}.Debug|x86.ActiveCfg = Debug|Any CPU
		{FFB028E7-4DE6-4127-BD4D-30973617B38A}.Debug|x86.Build.0 = Debug|Any CPU
		{FFB028E7-4DE6-4127-BD4D-30973617B38A}.Release|Any CPU.ActiveCfg = Release|Any CPU
		{FFB028E7-4DE6-4127-BD4D-30973617B38A}.Release|Any CPU.Build.0 = Release|Any CPU
		{FFB028E7-4DE6-4127-BD4D-30973617B38A}.Release|x64.ActiveCfg = Release|Any CPU
		{FFB028E7-4DE6-4127-BD4D-30973617B38A}.Release|x64.Build.0 = Release|Any CPU
		{FFB028E7-4DE6-4127-BD4D-30973617B38A}.Release|x86.ActiveCfg = Release|Any CPU
		{FFB028E7-4DE6-4127-BD4D-30973617B38A}.Release|x86.Build.0 = Release|Any CPU
		{FDBD72D6-5A72-4246-A78C-67922A8F25C7}.Debug|Any CPU.ActiveCfg = Debug|Any CPU
		{FDBD72D6-5A72-4246-A78C-67922A8F25C7}.Debug|Any CPU.Build.0 = Debug|Any CPU
		{FDBD72D6-5A72-4246-A78C-67922A8F25C7}.Debug|x64.ActiveCfg = Debug|Any CPU
		{FDBD72D6-5A72-4246-A78C-67922A8F25C7}.Debug|x64.Build.0 = Debug|Any CPU
		{FDBD72D6-5A72-4246-A78C-67922A8F25C7}.Debug|x86.ActiveCfg = Debug|Any CPU
		{FDBD72D6-5A72-4246-A78C-67922A8F25C7}.Debug|x86.Build.0 = Debug|Any CPU
		{FDBD72D6-5A72-4246-A78C-67922A8F25C7}.Release|Any CPU.ActiveCfg = Release|Any CPU
		{FDBD72D6-5A72-4246-A78C-67922A8F25C7}.Release|Any CPU.Build.0 = Release|Any CPU
		{FDBD72D6-5A72-4246-A78C-67922A8F25C7}.Release|x64.ActiveCfg = Release|Any CPU
		{FDBD72D6-5A72-4246-A78C-67922A8F25C7}.Release|x64.Build.0 = Release|Any CPU
		{FDBD72D6-5A72-4246-A78C-67922A8F25C7}.Release|x86.ActiveCfg = Release|Any CPU
		{FDBD72D6-5A72-4246-A78C-67922A8F25C7}.Release|x86.Build.0 = Release|Any CPU
		{8354B9AA-3A4A-4D86-9CD3-1BEF1085416A}.Debug|Any CPU.ActiveCfg = Debug|Any CPU
		{8354B9AA-3A4A-4D86-9CD3-1BEF1085416A}.Debug|Any CPU.Build.0 = Debug|Any CPU
		{8354B9AA-3A4A-4D86-9CD3-1BEF1085416A}.Debug|x64.ActiveCfg = Debug|Any CPU
		{8354B9AA-3A4A-4D86-9CD3-1BEF1085416A}.Debug|x64.Build.0 = Debug|Any CPU
		{8354B9AA-3A4A-4D86-9CD3-1BEF1085416A}.Debug|x86.ActiveCfg = Debug|Any CPU
		{8354B9AA-3A4A-4D86-9CD3-1BEF1085416A}.Debug|x86.Build.0 = Debug|Any CPU
		{8354B9AA-3A4A-4D86-9CD3-1BEF1085416A}.Release|Any CPU.ActiveCfg = Release|Any CPU
		{8354B9AA-3A4A-4D86-9CD3-1BEF1085416A}.Release|Any CPU.Build.0 = Release|Any CPU
		{8354B9AA-3A4A-4D86-9CD3-1BEF1085416A}.Release|x64.ActiveCfg = Release|Any CPU
		{8354B9AA-3A4A-4D86-9CD3-1BEF1085416A}.Release|x64.Build.0 = Release|Any CPU
		{8354B9AA-3A4A-4D86-9CD3-1BEF1085416A}.Release|x86.ActiveCfg = Release|Any CPU
		{8354B9AA-3A4A-4D86-9CD3-1BEF1085416A}.Release|x86.Build.0 = Release|Any CPU
		{7552F0DA-8DB4-472D-B56B-B410E624A751}.Debug|Any CPU.ActiveCfg = Debug|Any CPU
		{7552F0DA-8DB4-472D-B56B-B410E624A751}.Debug|Any CPU.Build.0 = Debug|Any CPU
		{7552F0DA-8DB4-472D-B56B-B410E624A751}.Debug|x64.ActiveCfg = Debug|Any CPU
		{7552F0DA-8DB4-472D-B56B-B410E624A751}.Debug|x64.Build.0 = Debug|Any CPU
		{7552F0DA-8DB4-472D-B56B-B410E624A751}.Debug|x86.ActiveCfg = Debug|Any CPU
		{7552F0DA-8DB4-472D-B56B-B410E624A751}.Debug|x86.Build.0 = Debug|Any CPU
		{7552F0DA-8DB4-472D-B56B-B410E624A751}.Release|Any CPU.ActiveCfg = Release|Any CPU
		{7552F0DA-8DB4-472D-B56B-B410E624A751}.Release|Any CPU.Build.0 = Release|Any CPU
		{7552F0DA-8DB4-472D-B56B-B410E624A751}.Release|x64.ActiveCfg = Release|Any CPU
		{7552F0DA-8DB4-472D-B56B-B410E624A751}.Release|x64.Build.0 = Release|Any CPU
		{7552F0DA-8DB4-472D-B56B-B410E624A751}.Release|x86.ActiveCfg = Release|Any CPU
		{7552F0DA-8DB4-472D-B56B-B410E624A751}.Release|x86.Build.0 = Release|Any CPU
		{0053026D-2AAC-4A76-9DEF-8A1751A9C3C8}.Debug|Any CPU.ActiveCfg = Debug|Any CPU
		{0053026D-2AAC-4A76-9DEF-8A1751A9C3C8}.Debug|Any CPU.Build.0 = Debug|Any CPU
		{0053026D-2AAC-4A76-9DEF-8A1751A9C3C8}.Debug|x64.ActiveCfg = Debug|Any CPU
		{0053026D-2AAC-4A76-9DEF-8A1751A9C3C8}.Debug|x64.Build.0 = Debug|Any CPU
		{0053026D-2AAC-4A76-9DEF-8A1751A9C3C8}.Debug|x86.ActiveCfg = Debug|Any CPU
		{0053026D-2AAC-4A76-9DEF-8A1751A9C3C8}.Debug|x86.Build.0 = Debug|Any CPU
		{0053026D-2AAC-4A76-9DEF-8A1751A9C3C8}.Release|Any CPU.ActiveCfg = Release|Any CPU
		{0053026D-2AAC-4A76-9DEF-8A1751A9C3C8}.Release|Any CPU.Build.0 = Release|Any CPU
		{0053026D-2AAC-4A76-9DEF-8A1751A9C3C8}.Release|x64.ActiveCfg = Release|Any CPU
		{0053026D-2AAC-4A76-9DEF-8A1751A9C3C8}.Release|x64.Build.0 = Release|Any CPU
		{0053026D-2AAC-4A76-9DEF-8A1751A9C3C8}.Release|x86.ActiveCfg = Release|Any CPU
		{0053026D-2AAC-4A76-9DEF-8A1751A9C3C8}.Release|x86.Build.0 = Release|Any CPU
		{1F001E01-63E2-4B26-AF8D-EECE6FADF210}.Debug|Any CPU.ActiveCfg = Debug|Any CPU
		{1F001E01-63E2-4B26-AF8D-EECE6FADF210}.Debug|Any CPU.Build.0 = Debug|Any CPU
		{1F001E01-63E2-4B26-AF8D-EECE6FADF210}.Debug|x64.ActiveCfg = Debug|Any CPU
		{1F001E01-63E2-4B26-AF8D-EECE6FADF210}.Debug|x64.Build.0 = Debug|Any CPU
		{1F001E01-63E2-4B26-AF8D-EECE6FADF210}.Debug|x86.ActiveCfg = Debug|Any CPU
		{1F001E01-63E2-4B26-AF8D-EECE6FADF210}.Debug|x86.Build.0 = Debug|Any CPU
		{1F001E01-63E2-4B26-AF8D-EECE6FADF210}.Release|Any CPU.ActiveCfg = Release|Any CPU
		{1F001E01-63E2-4B26-AF8D-EECE6FADF210}.Release|Any CPU.Build.0 = Release|Any CPU
		{1F001E01-63E2-4B26-AF8D-EECE6FADF210}.Release|x64.ActiveCfg = Release|Any CPU
		{1F001E01-63E2-4B26-AF8D-EECE6FADF210}.Release|x64.Build.0 = Release|Any CPU
		{1F001E01-63E2-4B26-AF8D-EECE6FADF210}.Release|x86.ActiveCfg = Release|Any CPU
		{1F001E01-63E2-4B26-AF8D-EECE6FADF210}.Release|x86.Build.0 = Release|Any CPU
		{F5ADA760-C7DB-4891-8A5B-AF435D1B265D}.Debug|Any CPU.ActiveCfg = Debug|Any CPU
		{F5ADA760-C7DB-4891-8A5B-AF435D1B265D}.Debug|Any CPU.Build.0 = Debug|Any CPU
		{F5ADA760-C7DB-4891-8A5B-AF435D1B265D}.Debug|x64.ActiveCfg = Debug|Any CPU
		{F5ADA760-C7DB-4891-8A5B-AF435D1B265D}.Debug|x64.Build.0 = Debug|Any CPU
		{F5ADA760-C7DB-4891-8A5B-AF435D1B265D}.Debug|x86.ActiveCfg = Debug|Any CPU
		{F5ADA760-C7DB-4891-8A5B-AF435D1B265D}.Debug|x86.Build.0 = Debug|Any CPU
		{F5ADA760-C7DB-4891-8A5B-AF435D1B265D}.Release|Any CPU.ActiveCfg = Release|Any CPU
		{F5ADA760-C7DB-4891-8A5B-AF435D1B265D}.Release|Any CPU.Build.0 = Release|Any CPU
		{F5ADA760-C7DB-4891-8A5B-AF435D1B265D}.Release|x64.ActiveCfg = Release|Any CPU
		{F5ADA760-C7DB-4891-8A5B-AF435D1B265D}.Release|x64.Build.0 = Release|Any CPU
		{F5ADA760-C7DB-4891-8A5B-AF435D1B265D}.Release|x86.ActiveCfg = Release|Any CPU
		{F5ADA760-C7DB-4891-8A5B-AF435D1B265D}.Release|x86.Build.0 = Release|Any CPU
		{E57C6777-7C49-4097-9110-931C0297D44F}.Debug|Any CPU.ActiveCfg = Debug|Any CPU
		{E57C6777-7C49-4097-9110-931C0297D44F}.Debug|Any CPU.Build.0 = Debug|Any CPU
		{E57C6777-7C49-4097-9110-931C0297D44F}.Debug|x64.ActiveCfg = Debug|Any CPU
		{E57C6777-7C49-4097-9110-931C0297D44F}.Debug|x64.Build.0 = Debug|Any CPU
		{E57C6777-7C49-4097-9110-931C0297D44F}.Debug|x86.ActiveCfg = Debug|Any CPU
		{E57C6777-7C49-4097-9110-931C0297D44F}.Debug|x86.Build.0 = Debug|Any CPU
		{E57C6777-7C49-4097-9110-931C0297D44F}.Release|Any CPU.ActiveCfg = Release|Any CPU
		{E57C6777-7C49-4097-9110-931C0297D44F}.Release|Any CPU.Build.0 = Release|Any CPU
		{E57C6777-7C49-4097-9110-931C0297D44F}.Release|x64.ActiveCfg = Release|Any CPU
		{E57C6777-7C49-4097-9110-931C0297D44F}.Release|x64.Build.0 = Release|Any CPU
		{E57C6777-7C49-4097-9110-931C0297D44F}.Release|x86.ActiveCfg = Release|Any CPU
		{E57C6777-7C49-4097-9110-931C0297D44F}.Release|x86.Build.0 = Release|Any CPU
		{7D80D740-FF74-4017-BA1D-D663B846E553}.Debug|Any CPU.ActiveCfg = Debug|Any CPU
		{7D80D740-FF74-4017-BA1D-D663B846E553}.Debug|Any CPU.Build.0 = Debug|Any CPU
		{7D80D740-FF74-4017-BA1D-D663B846E553}.Debug|x64.ActiveCfg = Debug|Any CPU
		{7D80D740-FF74-4017-BA1D-D663B846E553}.Debug|x64.Build.0 = Debug|Any CPU
		{7D80D740-FF74-4017-BA1D-D663B846E553}.Debug|x86.ActiveCfg = Debug|Any CPU
		{7D80D740-FF74-4017-BA1D-D663B846E553}.Debug|x86.Build.0 = Debug|Any CPU
		{7D80D740-FF74-4017-BA1D-D663B846E553}.Release|Any CPU.ActiveCfg = Release|Any CPU
		{7D80D740-FF74-4017-BA1D-D663B846E553}.Release|Any CPU.Build.0 = Release|Any CPU
		{7D80D740-FF74-4017-BA1D-D663B846E553}.Release|x64.ActiveCfg = Release|Any CPU
		{7D80D740-FF74-4017-BA1D-D663B846E553}.Release|x64.Build.0 = Release|Any CPU
		{7D80D740-FF74-4017-BA1D-D663B846E553}.Release|x86.ActiveCfg = Release|Any CPU
		{7D80D740-FF74-4017-BA1D-D663B846E553}.Release|x86.Build.0 = Release|Any CPU
		{63358A4F-7B23-4E04-8FBA-40D83D0DA70E}.Debug|Any CPU.ActiveCfg = Debug|Any CPU
		{63358A4F-7B23-4E04-8FBA-40D83D0DA70E}.Debug|Any CPU.Build.0 = Debug|Any CPU
		{63358A4F-7B23-4E04-8FBA-40D83D0DA70E}.Debug|x64.ActiveCfg = Debug|Any CPU
		{63358A4F-7B23-4E04-8FBA-40D83D0DA70E}.Debug|x64.Build.0 = Debug|Any CPU
		{63358A4F-7B23-4E04-8FBA-40D83D0DA70E}.Debug|x86.ActiveCfg = Debug|Any CPU
		{63358A4F-7B23-4E04-8FBA-40D83D0DA70E}.Debug|x86.Build.0 = Debug|Any CPU
		{63358A4F-7B23-4E04-8FBA-40D83D0DA70E}.Release|Any CPU.ActiveCfg = Release|Any CPU
		{63358A4F-7B23-4E04-8FBA-40D83D0DA70E}.Release|Any CPU.Build.0 = Release|Any CPU
		{63358A4F-7B23-4E04-8FBA-40D83D0DA70E}.Release|x64.ActiveCfg = Release|Any CPU
		{63358A4F-7B23-4E04-8FBA-40D83D0DA70E}.Release|x64.Build.0 = Release|Any CPU
		{63358A4F-7B23-4E04-8FBA-40D83D0DA70E}.Release|x86.ActiveCfg = Release|Any CPU
		{63358A4F-7B23-4E04-8FBA-40D83D0DA70E}.Release|x86.Build.0 = Release|Any CPU
		{AE7FB7BB-8C79-472E-B294-06B9E9F34107}.Debug|Any CPU.ActiveCfg = Debug|Any CPU
		{AE7FB7BB-8C79-472E-B294-06B9E9F34107}.Debug|Any CPU.Build.0 = Debug|Any CPU
		{AE7FB7BB-8C79-472E-B294-06B9E9F34107}.Debug|x64.ActiveCfg = Debug|Any CPU
		{AE7FB7BB-8C79-472E-B294-06B9E9F34107}.Debug|x64.Build.0 = Debug|Any CPU
		{AE7FB7BB-8C79-472E-B294-06B9E9F34107}.Debug|x86.ActiveCfg = Debug|Any CPU
		{AE7FB7BB-8C79-472E-B294-06B9E9F34107}.Debug|x86.Build.0 = Debug|Any CPU
		{AE7FB7BB-8C79-472E-B294-06B9E9F34107}.Release|Any CPU.ActiveCfg = Release|Any CPU
		{AE7FB7BB-8C79-472E-B294-06B9E9F34107}.Release|Any CPU.Build.0 = Release|Any CPU
		{AE7FB7BB-8C79-472E-B294-06B9E9F34107}.Release|x64.ActiveCfg = Release|Any CPU
		{AE7FB7BB-8C79-472E-B294-06B9E9F34107}.Release|x64.Build.0 = Release|Any CPU
		{AE7FB7BB-8C79-472E-B294-06B9E9F34107}.Release|x86.ActiveCfg = Release|Any CPU
		{AE7FB7BB-8C79-472E-B294-06B9E9F34107}.Release|x86.Build.0 = Release|Any CPU
		{9813A625-3459-4244-93BF-CCA59DB5AF33}.Debug|Any CPU.ActiveCfg = Debug|Any CPU
		{9813A625-3459-4244-93BF-CCA59DB5AF33}.Debug|Any CPU.Build.0 = Debug|Any CPU
		{9813A625-3459-4244-93BF-CCA59DB5AF33}.Debug|x64.ActiveCfg = Debug|Any CPU
		{9813A625-3459-4244-93BF-CCA59DB5AF33}.Debug|x64.Build.0 = Debug|Any CPU
		{9813A625-3459-4244-93BF-CCA59DB5AF33}.Debug|x86.ActiveCfg = Debug|Any CPU
		{9813A625-3459-4244-93BF-CCA59DB5AF33}.Debug|x86.Build.0 = Debug|Any CPU
		{9813A625-3459-4244-93BF-CCA59DB5AF33}.Release|Any CPU.ActiveCfg = Release|Any CPU
		{9813A625-3459-4244-93BF-CCA59DB5AF33}.Release|Any CPU.Build.0 = Release|Any CPU
		{9813A625-3459-4244-93BF-CCA59DB5AF33}.Release|x64.ActiveCfg = Release|Any CPU
		{9813A625-3459-4244-93BF-CCA59DB5AF33}.Release|x64.Build.0 = Release|Any CPU
		{9813A625-3459-4244-93BF-CCA59DB5AF33}.Release|x86.ActiveCfg = Release|Any CPU
		{9813A625-3459-4244-93BF-CCA59DB5AF33}.Release|x86.Build.0 = Release|Any CPU
		{775DD0B2-ABF2-4310-BE54-1CBC1168F5BF}.Debug|Any CPU.ActiveCfg = Debug|Any CPU
		{775DD0B2-ABF2-4310-BE54-1CBC1168F5BF}.Debug|Any CPU.Build.0 = Debug|Any CPU
		{775DD0B2-ABF2-4310-BE54-1CBC1168F5BF}.Debug|x64.ActiveCfg = Debug|Any CPU
		{775DD0B2-ABF2-4310-BE54-1CBC1168F5BF}.Debug|x64.Build.0 = Debug|Any CPU
		{775DD0B2-ABF2-4310-BE54-1CBC1168F5BF}.Debug|x86.ActiveCfg = Debug|Any CPU
		{775DD0B2-ABF2-4310-BE54-1CBC1168F5BF}.Debug|x86.Build.0 = Debug|Any CPU
		{775DD0B2-ABF2-4310-BE54-1CBC1168F5BF}.Release|Any CPU.ActiveCfg = Release|Any CPU
		{775DD0B2-ABF2-4310-BE54-1CBC1168F5BF}.Release|Any CPU.Build.0 = Release|Any CPU
		{775DD0B2-ABF2-4310-BE54-1CBC1168F5BF}.Release|x64.ActiveCfg = Release|Any CPU
		{775DD0B2-ABF2-4310-BE54-1CBC1168F5BF}.Release|x64.Build.0 = Release|Any CPU
		{775DD0B2-ABF2-4310-BE54-1CBC1168F5BF}.Release|x86.ActiveCfg = Release|Any CPU
		{775DD0B2-ABF2-4310-BE54-1CBC1168F5BF}.Release|x86.Build.0 = Release|Any CPU
		{ECCF1236-FAAD-4032-ACCC-FC0B730CF01D}.Debug|Any CPU.ActiveCfg = Debug|Any CPU
		{ECCF1236-FAAD-4032-ACCC-FC0B730CF01D}.Debug|Any CPU.Build.0 = Debug|Any CPU
		{ECCF1236-FAAD-4032-ACCC-FC0B730CF01D}.Debug|x64.ActiveCfg = Debug|Any CPU
		{ECCF1236-FAAD-4032-ACCC-FC0B730CF01D}.Debug|x64.Build.0 = Debug|Any CPU
		{ECCF1236-FAAD-4032-ACCC-FC0B730CF01D}.Debug|x86.ActiveCfg = Debug|Any CPU
		{ECCF1236-FAAD-4032-ACCC-FC0B730CF01D}.Debug|x86.Build.0 = Debug|Any CPU
		{ECCF1236-FAAD-4032-ACCC-FC0B730CF01D}.Release|Any CPU.ActiveCfg = Release|Any CPU
		{ECCF1236-FAAD-4032-ACCC-FC0B730CF01D}.Release|Any CPU.Build.0 = Release|Any CPU
		{ECCF1236-FAAD-4032-ACCC-FC0B730CF01D}.Release|x64.ActiveCfg = Release|Any CPU
		{ECCF1236-FAAD-4032-ACCC-FC0B730CF01D}.Release|x64.Build.0 = Release|Any CPU
		{ECCF1236-FAAD-4032-ACCC-FC0B730CF01D}.Release|x86.ActiveCfg = Release|Any CPU
		{ECCF1236-FAAD-4032-ACCC-FC0B730CF01D}.Release|x86.Build.0 = Release|Any CPU
		{13600617-08C2-4ECC-969E-3F6AEA5C2FA2}.Debug|Any CPU.ActiveCfg = Debug|Any CPU
		{13600617-08C2-4ECC-969E-3F6AEA5C2FA2}.Debug|Any CPU.Build.0 = Debug|Any CPU
		{13600617-08C2-4ECC-969E-3F6AEA5C2FA2}.Debug|x64.ActiveCfg = Debug|Any CPU
		{13600617-08C2-4ECC-969E-3F6AEA5C2FA2}.Debug|x64.Build.0 = Debug|Any CPU
		{13600617-08C2-4ECC-969E-3F6AEA5C2FA2}.Debug|x86.ActiveCfg = Debug|Any CPU
		{13600617-08C2-4ECC-969E-3F6AEA5C2FA2}.Debug|x86.Build.0 = Debug|Any CPU
		{13600617-08C2-4ECC-969E-3F6AEA5C2FA2}.Release|Any CPU.ActiveCfg = Release|Any CPU
		{13600617-08C2-4ECC-969E-3F6AEA5C2FA2}.Release|Any CPU.Build.0 = Release|Any CPU
		{13600617-08C2-4ECC-969E-3F6AEA5C2FA2}.Release|x64.ActiveCfg = Release|Any CPU
		{13600617-08C2-4ECC-969E-3F6AEA5C2FA2}.Release|x64.Build.0 = Release|Any CPU
		{13600617-08C2-4ECC-969E-3F6AEA5C2FA2}.Release|x86.ActiveCfg = Release|Any CPU
		{13600617-08C2-4ECC-969E-3F6AEA5C2FA2}.Release|x86.Build.0 = Release|Any CPU
	EndGlobalSection
	GlobalSection(SolutionProperties) = preSolution
		HideSolutionNode = FALSE
	EndGlobalSection
	GlobalSection(NestedProjects) = preSolution
		{1AA3DBD8-4383-4EA2-84F8-52568D69A998} = {2C2470AA-8E92-2DCC-0362-B4FF0A416377}
		{8475050D-C2E4-4E66-941C-651AFF3E03FD} = {5D20AA90-6969-D8BD-9DCD-8634F4692FDA}
		{657C99AB-6352-4FF1-8159-820A78C08BE0} = {827E0CD3-B72D-47B6-A68D-7590B98EB39B}
		{FFB028E7-4DE6-4127-BD4D-30973617B38A} = {827E0CD3-B72D-47B6-A68D-7590B98EB39B}
		{FDBD72D6-5A72-4246-A78C-67922A8F25C7} = {827E0CD3-B72D-47B6-A68D-7590B98EB39B}
		{8354B9AA-3A4A-4D86-9CD3-1BEF1085416A} = {827E0CD3-B72D-47B6-A68D-7590B98EB39B}
		{7552F0DA-8DB4-472D-B56B-B410E624A751} = {827E0CD3-B72D-47B6-A68D-7590B98EB39B}
		{0053026D-2AAC-4A76-9DEF-8A1751A9C3C8} = {5D20AA90-6969-D8BD-9DCD-8634F4692FDA}
		{1F001E01-63E2-4B26-AF8D-EECE6FADF210} = {827E0CD3-B72D-47B6-A68D-7590B98EB39B}
		{F5ADA760-C7DB-4891-8A5B-AF435D1B265D} = {5D20AA90-6969-D8BD-9DCD-8634F4692FDA}
		{E57C6777-7C49-4097-9110-931C0297D44F} = {5D20AA90-6969-D8BD-9DCD-8634F4692FDA}
		{7D80D740-FF74-4017-BA1D-D663B846E553} = {827E0CD3-B72D-47B6-A68D-7590B98EB39B}
		{63358A4F-7B23-4E04-8FBA-40D83D0DA70E} = {5D20AA90-6969-D8BD-9DCD-8634F4692FDA}
		{AE7FB7BB-8C79-472E-B294-06B9E9F34107} = {827E0CD3-B72D-47B6-A68D-7590B98EB39B}
		{9813A625-3459-4244-93BF-CCA59DB5AF33} = {0AB3BF05-4346-4AA6-1389-037BE0695223}
		{D0D6B8B0-AC35-B3FA-0B96-A9B0E4A3253E} = {0AB3BF05-4346-4AA6-1389-037BE0695223}
		{775DD0B2-ABF2-4310-BE54-1CBC1168F5BF} = {D0D6B8B0-AC35-B3FA-0B96-A9B0E4A3253E}
		{ECCF1236-FAAD-4032-ACCC-FC0B730CF01D} = {0AB3BF05-4346-4AA6-1389-037BE0695223}
		{13600617-08C2-4ECC-969E-3F6AEA5C2FA2} = {0AB3BF05-4346-4AA6-1389-037BE0695223}
	EndGlobalSection
EndGlobal
