
Microsoft Visual Studio Solution File, Format Version 12.00
# Visual Studio Version 17
VisualStudioVersion = 17.0.31903.59
MinimumVisualStudioVersion = 10.0.40219.1
Project("{2150E333-8FDC-42A3-9474-1A3956D46DE8}") = "cake", "cake", "{2C2470AA-8E92-2DCC-0362-B4FF0A416377}"
EndProject
Project("{FAE04EC0-301F-11D3-BF4B-00C04F79EFBC}") = "Build", "cake\Build.csproj", "{944559FB-0009-4696-91F5-80FC26E49618}"
EndProject
Project("{2150E333-8FDC-42A3-9474-1A3956D46DE8}") = "samples", "samples", "{5D20AA90-6969-D8BD-9DCD-8634F4692FDA}"
EndProject
Project("{FAE04EC0-301F-11D3-BF4B-00C04F79EFBC}") = "MvvmScarletToolkit.Avalonia.Samples", "samples\MvvmScarletToolkit.Avalonia.Samples\MvvmScarletToolkit.Avalonia.Samples.csproj", "{D215CFD8-CC9A-4B88-99AC-08387D9FDC42}"
EndProject
Project("{FAE04EC0-301F-11D3-BF4B-00C04F79EFBC}") = "MvvmScarletToolkit.Core.Samples", "samples\MvvmScarletToolkit.Core.Samples\MvvmScarletToolkit.Core.Samples.csproj", "{97F1F81B-05C4-44AE-A5C3-9CC38FC2B1EC}"
EndProject
Project("{FAE04EC0-301F-11D3-BF4B-00C04F79EFBC}") = "MvvmScarletToolkit.Wpf.Samples", "samples\MvvmScarletToolkit.Wpf.Samples\MvvmScarletToolkit.Wpf.Samples.csproj", "{4F48DB37-A55B-4FB5-956C-278FAC1C03E3}"
EndProject
Project("{2150E333-8FDC-42A3-9474-1A3956D46DE8}") = "src", "src", "{827E0CD3-B72D-47B6-A68D-7590B98EB39B}"
EndProject
Project("{FAE04EC0-301F-11D3-BF4B-00C04F79EFBC}") = "MvvmScarletToolkit", "src\MvvmScarletToolkit\MvvmScarletToolkit.csproj", "{C34185BC-D2A1-426C-8059-C49E7A01A291}"
EndProject
Project("{FAE04EC0-301F-11D3-BF4B-00C04F79EFBC}") = "MvvmScarletToolkit.Abstractions", "src\MvvmScarletToolkit.Abstractions\MvvmScarletToolkit.Abstractions.csproj", "{1C7A65CE-4BE9-460C-97DE-B3C977949271}"
EndProject
Project("{FAE04EC0-301F-11D3-BF4B-00C04F79EFBC}") = "MvvmScarletToolkit.Avalonia", "src\MvvmScarletToolkit.Avalonia\MvvmScarletToolkit.Avalonia.csproj", "{11F47425-3997-4F0A-8282-00F86447D484}"
EndProject
Project("{FAE04EC0-301F-11D3-BF4B-00C04F79EFBC}") = "MvvmScarletToolkit.Commands", "src\MvvmScarletToolkit.Commands\MvvmScarletToolkit.Commands.csproj", "{7BBA9A33-02E2-44CB-9CDD-8502E8256F8E}"
EndProject
Project("{FAE04EC0-301F-11D3-BF4B-00C04F79EFBC}") = "MvvmScarletToolkit.Observables", "src\MvvmScarletToolkit.Observables\MvvmScarletToolkit.Observables.csproj", "{7CB8C985-F04C-44C6-B55F-2A0C36D71A9A}"
EndProject
Project("{FAE04EC0-301F-11D3-BF4B-00C04F79EFBC}") = "MvvmScarletToolkit.ImageLoading", "src\MvvmScarletToolkit.ImageLoading\MvvmScarletToolkit.ImageLoading.csproj", "{88684AFA-1CC0-457B-95B0-CB7728BC7645}"
EndProject
Project("{FAE04EC0-301F-11D3-BF4B-00C04F79EFBC}") = "MvvmScarletToolkit.Incubator", "samples\MvvmScarletToolkit.Incubator\MvvmScarletToolkit.Incubator.csproj", "{EF47A05C-28FC-4C41-8E1C-C0760168C6E4}"
EndProject
Project("{FAE04EC0-301F-11D3-BF4B-00C04F79EFBC}") = "MvvmScarletToolkit.Mediator", "src\MvvmScarletToolkit.Mediator\MvvmScarletToolkit.Mediator.csproj", "{A4A51CC0-4526-4AC4-9EDE-EE1FDA814CB9}"
EndProject
Project("{FAE04EC0-301F-11D3-BF4B-00C04F79EFBC}") = "MvvmScarletToolkit.Mediator.Benchmark", "samples\MvvmScarletToolkit.Mediator.Benchmark\MvvmScarletToolkit.Mediator.Benchmark.csproj", "{79DD46A7-35FE-480D-A987-B94C84D76686}"
EndProject
Project("{FAE04EC0-301F-11D3-BF4B-00C04F79EFBC}") = "MvvmScarletToolkit.Wpf", "src\MvvmScarletToolkit.Wpf\MvvmScarletToolkit.Wpf.csproj", "{4486B5D6-109E-4BDB-835F-149A978AE24C}"
EndProject
Project("{2150E333-8FDC-42A3-9474-1A3956D46DE8}") = "tests", "tests", "{0AB3BF05-4346-4AA6-1389-037BE0695223}"
EndProject
Project("{FAE04EC0-301F-11D3-BF4B-00C04F79EFBC}") = "MvvmScarletToolkit.Mediator.Tests", "tests\MvvmScarletToolkit.Mediator.Tests\MvvmScarletToolkit.Mediator.Tests.csproj", "{6C7CDB7B-6C79-461B-BBA4-89C1D98580B5}"
EndProject
Project("{2150E333-8FDC-42A3-9474-1A3956D46DE8}") = "shared", "shared", "{D0D6B8B0-AC35-B3FA-0B96-A9B0E4A3253E}"
EndProject
Project("{FAE04EC0-301F-11D3-BF4B-00C04F79EFBC}") = "MvvmScarletToolkit.Test.Tracing", "tests\shared\MvvmScarletToolkit.Test.Tracing\MvvmScarletToolkit.Test.Tracing.csproj", "{B235CD84-D2CA-4466-9029-EE2C7A658854}"
EndProject
Project("{FAE04EC0-301F-11D3-BF4B-00C04F79EFBC}") = "MvvmScarletToolkit.Observables.Tests", "tests\MvvmScarletToolkit.Observables.Tests\MvvmScarletToolkit.Observables.Tests.csproj", "{C11F1C51-4050-447E-8BCD-E82FF3F92CD5}"
EndProject
Project("{FAE04EC0-301F-11D3-BF4B-00C04F79EFBC}") = "MvvmScarletToolkit.Wpf.Tests", "tests\MvvmScarletToolkit.Wpf.Tests\MvvmScarletToolkit.Wpf.Tests.csproj", "{328DB73D-68CC-4D02-AF1A-2361C9BF2921}"
EndProject
Global
	GlobalSection(SolutionConfigurationPlatforms) = preSolution
		Debug|Any CPU = Debug|Any CPU
		Debug|x64 = Debug|x64
		Debug|x86 = Debug|x86
		Release|Any CPU = Release|Any CPU
		Release|x64 = Release|x64
		Release|x86 = Release|x86
	EndGlobalSection
	GlobalSection(ProjectConfigurationPlatforms) = postSolution
		{944559FB-0009-4696-91F5-80FC26E49618}.Debug|Any CPU.ActiveCfg = Debug|Any CPU
		{944559FB-0009-4696-91F5-80FC26E49618}.Debug|Any CPU.Build.0 = Debug|Any CPU
		{944559FB-0009-4696-91F5-80FC26E49618}.Debug|x64.ActiveCfg = Debug|Any CPU
		{944559FB-0009-4696-91F5-80FC26E49618}.Debug|x64.Build.0 = Debug|Any CPU
		{944559FB-0009-4696-91F5-80FC26E49618}.Debug|x86.ActiveCfg = Debug|Any CPU
		{944559FB-0009-4696-91F5-80FC26E49618}.Debug|x86.Build.0 = Debug|Any CPU
		{944559FB-0009-4696-91F5-80FC26E49618}.Release|Any CPU.ActiveCfg = Release|Any CPU
		{944559FB-0009-4696-91F5-80FC26E49618}.Release|Any CPU.Build.0 = Release|Any CPU
		{944559FB-0009-4696-91F5-80FC26E49618}.Release|x64.ActiveCfg = Release|Any CPU
		{944559FB-0009-4696-91F5-80FC26E49618}.Release|x64.Build.0 = Release|Any CPU
		{944559FB-0009-4696-91F5-80FC26E49618}.Release|x86.ActiveCfg = Release|Any CPU
		{944559FB-0009-4696-91F5-80FC26E49618}.Release|x86.Build.0 = Release|Any CPU
		{D215CFD8-CC9A-4B88-99AC-08387D9FDC42}.Debug|Any CPU.ActiveCfg = Debug|Any CPU
		{D215CFD8-CC9A-4B88-99AC-08387D9FDC42}.Debug|Any CPU.Build.0 = Debug|Any CPU
		{D215CFD8-CC9A-4B88-99AC-08387D9FDC42}.Debug|x64.ActiveCfg = Debug|Any CPU
		{D215CFD8-CC9A-4B88-99AC-08387D9FDC42}.Debug|x64.Build.0 = Debug|Any CPU
		{D215CFD8-CC9A-4B88-99AC-08387D9FDC42}.Debug|x86.ActiveCfg = Debug|Any CPU
		{D215CFD8-CC9A-4B88-99AC-08387D9FDC42}.Debug|x86.Build.0 = Debug|Any CPU
		{D215CFD8-CC9A-4B88-99AC-08387D9FDC42}.Release|Any CPU.ActiveCfg = Release|Any CPU
		{D215CFD8-CC9A-4B88-99AC-08387D9FDC42}.Release|Any CPU.Build.0 = Release|Any CPU
		{D215CFD8-CC9A-4B88-99AC-08387D9FDC42}.Release|x64.ActiveCfg = Release|Any CPU
		{D215CFD8-CC9A-4B88-99AC-08387D9FDC42}.Release|x64.Build.0 = Release|Any CPU
		{D215CFD8-CC9A-4B88-99AC-08387D9FDC42}.Release|x86.ActiveCfg = Release|Any CPU
		{D215CFD8-CC9A-4B88-99AC-08387D9FDC42}.Release|x86.Build.0 = Release|Any CPU
		{97F1F81B-05C4-44AE-A5C3-9CC38FC2B1EC}.Debug|Any CPU.ActiveCfg = Debug|Any CPU
		{97F1F81B-05C4-44AE-A5C3-9CC38FC2B1EC}.Debug|Any CPU.Build.0 = Debug|Any CPU
		{97F1F81B-05C4-44AE-A5C3-9CC38FC2B1EC}.Debug|x64.ActiveCfg = Debug|Any CPU
		{97F1F81B-05C4-44AE-A5C3-9CC38FC2B1EC}.Debug|x64.Build.0 = Debug|Any CPU
		{97F1F81B-05C4-44AE-A5C3-9CC38FC2B1EC}.Debug|x86.ActiveCfg = Debug|Any CPU
		{97F1F81B-05C4-44AE-A5C3-9CC38FC2B1EC}.Debug|x86.Build.0 = Debug|Any CPU
		{97F1F81B-05C4-44AE-A5C3-9CC38FC2B1EC}.Release|Any CPU.ActiveCfg = Release|Any CPU
		{97F1F81B-05C4-44AE-A5C3-9CC38FC2B1EC}.Release|Any CPU.Build.0 = Release|Any CPU
		{97F1F81B-05C4-44AE-A5C3-9CC38FC2B1EC}.Release|x64.ActiveCfg = Release|Any CPU
		{97F1F81B-05C4-44AE-A5C3-9CC38FC2B1EC}.Release|x64.Build.0 = Release|Any CPU
		{97F1F81B-05C4-44AE-A5C3-9CC38FC2B1EC}.Release|x86.ActiveCfg = Release|Any CPU
		{97F1F81B-05C4-44AE-A5C3-9CC38FC2B1EC}.Release|x86.Build.0 = Release|Any CPU
		{4F48DB37-A55B-4FB5-956C-278FAC1C03E3}.Debug|Any CPU.ActiveCfg = Debug|Any CPU
		{4F48DB37-A55B-4FB5-956C-278FAC1C03E3}.Debug|Any CPU.Build.0 = Debug|Any CPU
		{4F48DB37-A55B-4FB5-956C-278FAC1C03E3}.Debug|x64.ActiveCfg = Debug|Any CPU
		{4F48DB37-A55B-4FB5-956C-278FAC1C03E3}.Debug|x64.Build.0 = Debug|Any CPU
		{4F48DB37-A55B-4FB5-956C-278FAC1C03E3}.Debug|x86.ActiveCfg = Debug|Any CPU
		{4F48DB37-A55B-4FB5-956C-278FAC1C03E3}.Debug|x86.Build.0 = Debug|Any CPU
		{4F48DB37-A55B-4FB5-956C-278FAC1C03E3}.Release|Any CPU.ActiveCfg = Release|Any CPU
		{4F48DB37-A55B-4FB5-956C-278FAC1C03E3}.Release|Any CPU.Build.0 = Release|Any CPU
		{4F48DB37-A55B-4FB5-956C-278FAC1C03E3}.Release|x64.ActiveCfg = Release|Any CPU
		{4F48DB37-A55B-4FB5-956C-278FAC1C03E3}.Release|x64.Build.0 = Release|Any CPU
		{4F48DB37-A55B-4FB5-956C-278FAC1C03E3}.Release|x86.ActiveCfg = Release|Any CPU
		{4F48DB37-A55B-4FB5-956C-278FAC1C03E3}.Release|x86.Build.0 = Release|Any CPU
		{C34185BC-D2A1-426C-8059-C49E7A01A291}.Debug|Any CPU.ActiveCfg = Debug|Any CPU
		{C34185BC-D2A1-426C-8059-C49E7A01A291}.Debug|Any CPU.Build.0 = Debug|Any CPU
		{C34185BC-D2A1-426C-8059-C49E7A01A291}.Debug|x64.ActiveCfg = Debug|Any CPU
		{C34185BC-D2A1-426C-8059-C49E7A01A291}.Debug|x64.Build.0 = Debug|Any CPU
		{C34185BC-D2A1-426C-8059-C49E7A01A291}.Debug|x86.ActiveCfg = Debug|Any CPU
		{C34185BC-D2A1-426C-8059-C49E7A01A291}.Debug|x86.Build.0 = Debug|Any CPU
		{C34185BC-D2A1-426C-8059-C49E7A01A291}.Release|Any CPU.ActiveCfg = Release|Any CPU
		{C34185BC-D2A1-426C-8059-C49E7A01A291}.Release|Any CPU.Build.0 = Release|Any CPU
		{C34185BC-D2A1-426C-8059-C49E7A01A291}.Release|x64.ActiveCfg = Release|Any CPU
		{C34185BC-D2A1-426C-8059-C49E7A01A291}.Release|x64.Build.0 = Release|Any CPU
		{C34185BC-D2A1-426C-8059-C49E7A01A291}.Release|x86.ActiveCfg = Release|Any CPU
		{C34185BC-D2A1-426C-8059-C49E7A01A291}.Release|x86.Build.0 = Release|Any CPU
		{1C7A65CE-4BE9-460C-97DE-B3C977949271}.Debug|Any CPU.ActiveCfg = Debug|Any CPU
		{1C7A65CE-4BE9-460C-97DE-B3C977949271}.Debug|Any CPU.Build.0 = Debug|Any CPU
		{1C7A65CE-4BE9-460C-97DE-B3C977949271}.Debug|x64.ActiveCfg = Debug|Any CPU
		{1C7A65CE-4BE9-460C-97DE-B3C977949271}.Debug|x64.Build.0 = Debug|Any CPU
		{1C7A65CE-4BE9-460C-97DE-B3C977949271}.Debug|x86.ActiveCfg = Debug|Any CPU
		{1C7A65CE-4BE9-460C-97DE-B3C977949271}.Debug|x86.Build.0 = Debug|Any CPU
		{1C7A65CE-4BE9-460C-97DE-B3C977949271}.Release|Any CPU.ActiveCfg = Release|Any CPU
		{1C7A65CE-4BE9-460C-97DE-B3C977949271}.Release|Any CPU.Build.0 = Release|Any CPU
		{1C7A65CE-4BE9-460C-97DE-B3C977949271}.Release|x64.ActiveCfg = Release|Any CPU
		{1C7A65CE-4BE9-460C-97DE-B3C977949271}.Release|x64.Build.0 = Release|Any CPU
		{1C7A65CE-4BE9-460C-97DE-B3C977949271}.Release|x86.ActiveCfg = Release|Any CPU
		{1C7A65CE-4BE9-460C-97DE-B3C977949271}.Release|x86.Build.0 = Release|Any CPU
		{11F47425-3997-4F0A-8282-00F86447D484}.Debug|Any CPU.ActiveCfg = Debug|Any CPU
		{11F47425-3997-4F0A-8282-00F86447D484}.Debug|Any CPU.Build.0 = Debug|Any CPU
		{11F47425-3997-4F0A-8282-00F86447D484}.Debug|x64.ActiveCfg = Debug|Any CPU
		{11F47425-3997-4F0A-8282-00F86447D484}.Debug|x64.Build.0 = Debug|Any CPU
		{11F47425-3997-4F0A-8282-00F86447D484}.Debug|x86.ActiveCfg = Debug|Any CPU
		{11F47425-3997-4F0A-8282-00F86447D484}.Debug|x86.Build.0 = Debug|Any CPU
		{11F47425-3997-4F0A-8282-00F86447D484}.Release|Any CPU.ActiveCfg = Release|Any CPU
		{11F47425-3997-4F0A-8282-00F86447D484}.Release|Any CPU.Build.0 = Release|Any CPU
		{11F47425-3997-4F0A-8282-00F86447D484}.Release|x64.ActiveCfg = Release|Any CPU
		{11F47425-3997-4F0A-8282-00F86447D484}.Release|x64.Build.0 = Release|Any CPU
		{11F47425-3997-4F0A-8282-00F86447D484}.Release|x86.ActiveCfg = Release|Any CPU
		{11F47425-3997-4F0A-8282-00F86447D484}.Release|x86.Build.0 = Release|Any CPU
		{7BBA9A33-02E2-44CB-9CDD-8502E8256F8E}.Debug|Any CPU.ActiveCfg = Debug|Any CPU
		{7BBA9A33-02E2-44CB-9CDD-8502E8256F8E}.Debug|Any CPU.Build.0 = Debug|Any CPU
		{7BBA9A33-02E2-44CB-9CDD-8502E8256F8E}.Debug|x64.ActiveCfg = Debug|Any CPU
		{7BBA9A33-02E2-44CB-9CDD-8502E8256F8E}.Debug|x64.Build.0 = Debug|Any CPU
		{7BBA9A33-02E2-44CB-9CDD-8502E8256F8E}.Debug|x86.ActiveCfg = Debug|Any CPU
		{7BBA9A33-02E2-44CB-9CDD-8502E8256F8E}.Debug|x86.Build.0 = Debug|Any CPU
		{7BBA9A33-02E2-44CB-9CDD-8502E8256F8E}.Release|Any CPU.ActiveCfg = Release|Any CPU
		{7BBA9A33-02E2-44CB-9CDD-8502E8256F8E}.Release|Any CPU.Build.0 = Release|Any CPU
		{7BBA9A33-02E2-44CB-9CDD-8502E8256F8E}.Release|x64.ActiveCfg = Release|Any CPU
		{7BBA9A33-02E2-44CB-9CDD-8502E8256F8E}.Release|x64.Build.0 = Release|Any CPU
		{7BBA9A33-02E2-44CB-9CDD-8502E8256F8E}.Release|x86.ActiveCfg = Release|Any CPU
		{7BBA9A33-02E2-44CB-9CDD-8502E8256F8E}.Release|x86.Build.0 = Release|Any CPU
		{7CB8C985-F04C-44C6-B55F-2A0C36D71A9A}.Debug|Any CPU.ActiveCfg = Debug|Any CPU
		{7CB8C985-F04C-44C6-B55F-2A0C36D71A9A}.Debug|Any CPU.Build.0 = Debug|Any CPU
		{7CB8C985-F04C-44C6-B55F-2A0C36D71A9A}.Debug|x64.ActiveCfg = Debug|Any CPU
		{7CB8C985-F04C-44C6-B55F-2A0C36D71A9A}.Debug|x64.Build.0 = Debug|Any CPU
		{7CB8C985-F04C-44C6-B55F-2A0C36D71A9A}.Debug|x86.ActiveCfg = Debug|Any CPU
		{7CB8C985-F04C-44C6-B55F-2A0C36D71A9A}.Debug|x86.Build.0 = Debug|Any CPU
		{7CB8C985-F04C-44C6-B55F-2A0C36D71A9A}.Release|Any CPU.ActiveCfg = Release|Any CPU
		{7CB8C985-F04C-44C6-B55F-2A0C36D71A9A}.Release|Any CPU.Build.0 = Release|Any CPU
		{7CB8C985-F04C-44C6-B55F-2A0C36D71A9A}.Release|x64.ActiveCfg = Release|Any CPU
		{7CB8C985-F04C-44C6-B55F-2A0C36D71A9A}.Release|x64.Build.0 = Release|Any CPU
		{7CB8C985-F04C-44C6-B55F-2A0C36D71A9A}.Release|x86.ActiveCfg = Release|Any CPU
		{7CB8C985-F04C-44C6-B55F-2A0C36D71A9A}.Release|x86.Build.0 = Release|Any CPU
		{88684AFA-1CC0-457B-95B0-CB7728BC7645}.Debug|Any CPU.ActiveCfg = Debug|Any CPU
		{88684AFA-1CC0-457B-95B0-CB7728BC7645}.Debug|Any CPU.Build.0 = Debug|Any CPU
		{88684AFA-1CC0-457B-95B0-CB7728BC7645}.Debug|x64.ActiveCfg = Debug|Any CPU
		{88684AFA-1CC0-457B-95B0-CB7728BC7645}.Debug|x64.Build.0 = Debug|Any CPU
		{88684AFA-1CC0-457B-95B0-CB7728BC7645}.Debug|x86.ActiveCfg = Debug|Any CPU
		{88684AFA-1CC0-457B-95B0-CB7728BC7645}.Debug|x86.Build.0 = Debug|Any CPU
		{88684AFA-1CC0-457B-95B0-CB7728BC7645}.Release|Any CPU.ActiveCfg = Release|Any CPU
		{88684AFA-1CC0-457B-95B0-CB7728BC7645}.Release|Any CPU.Build.0 = Release|Any CPU
		{88684AFA-1CC0-457B-95B0-CB7728BC7645}.Release|x64.ActiveCfg = Release|Any CPU
		{88684AFA-1CC0-457B-95B0-CB7728BC7645}.Release|x64.Build.0 = Release|Any CPU
		{88684AFA-1CC0-457B-95B0-CB7728BC7645}.Release|x86.ActiveCfg = Release|Any CPU
		{88684AFA-1CC0-457B-95B0-CB7728BC7645}.Release|x86.Build.0 = Release|Any CPU
		{EF47A05C-28FC-4C41-8E1C-C0760168C6E4}.Debug|Any CPU.ActiveCfg = Debug|Any CPU
		{EF47A05C-28FC-4C41-8E1C-C0760168C6E4}.Debug|Any CPU.Build.0 = Debug|Any CPU
		{EF47A05C-28FC-4C41-8E1C-C0760168C6E4}.Debug|x64.ActiveCfg = Debug|Any CPU
		{EF47A05C-28FC-4C41-8E1C-C0760168C6E4}.Debug|x64.Build.0 = Debug|Any CPU
		{EF47A05C-28FC-4C41-8E1C-C0760168C6E4}.Debug|x86.ActiveCfg = Debug|Any CPU
		{EF47A05C-28FC-4C41-8E1C-C0760168C6E4}.Debug|x86.Build.0 = Debug|Any CPU
		{EF47A05C-28FC-4C41-8E1C-C0760168C6E4}.Release|Any CPU.ActiveCfg = Release|Any CPU
		{EF47A05C-28FC-4C41-8E1C-C0760168C6E4}.Release|Any CPU.Build.0 = Release|Any CPU
		{EF47A05C-28FC-4C41-8E1C-C0760168C6E4}.Release|x64.ActiveCfg = Release|Any CPU
		{EF47A05C-28FC-4C41-8E1C-C0760168C6E4}.Release|x64.Build.0 = Release|Any CPU
		{EF47A05C-28FC-4C41-8E1C-C0760168C6E4}.Release|x86.ActiveCfg = Release|Any CPU
		{EF47A05C-28FC-4C41-8E1C-C0760168C6E4}.Release|x86.Build.0 = Release|Any CPU
		{A4A51CC0-4526-4AC4-9EDE-EE1FDA814CB9}.Debug|Any CPU.ActiveCfg = Debug|Any CPU
		{A4A51CC0-4526-4AC4-9EDE-EE1FDA814CB9}.Debug|Any CPU.Build.0 = Debug|Any CPU
		{A4A51CC0-4526-4AC4-9EDE-EE1FDA814CB9}.Debug|x64.ActiveCfg = Debug|Any CPU
		{A4A51CC0-4526-4AC4-9EDE-EE1FDA814CB9}.Debug|x64.Build.0 = Debug|Any CPU
		{A4A51CC0-4526-4AC4-9EDE-EE1FDA814CB9}.Debug|x86.ActiveCfg = Debug|Any CPU
		{A4A51CC0-4526-4AC4-9EDE-EE1FDA814CB9}.Debug|x86.Build.0 = Debug|Any CPU
		{A4A51CC0-4526-4AC4-9EDE-EE1FDA814CB9}.Release|Any CPU.ActiveCfg = Release|Any CPU
		{A4A51CC0-4526-4AC4-9EDE-EE1FDA814CB9}.Release|Any CPU.Build.0 = Release|Any CPU
		{A4A51CC0-4526-4AC4-9EDE-EE1FDA814CB9}.Release|x64.ActiveCfg = Release|Any CPU
		{A4A51CC0-4526-4AC4-9EDE-EE1FDA814CB9}.Release|x64.Build.0 = Release|Any CPU
		{A4A51CC0-4526-4AC4-9EDE-EE1FDA814CB9}.Release|x86.ActiveCfg = Release|Any CPU
		{A4A51CC0-4526-4AC4-9EDE-EE1FDA814CB9}.Release|x86.Build.0 = Release|Any CPU
		{79DD46A7-35FE-480D-A987-B94C84D76686}.Debug|Any CPU.ActiveCfg = Debug|Any CPU
		{79DD46A7-35FE-480D-A987-B94C84D76686}.Debug|Any CPU.Build.0 = Debug|Any CPU
		{79DD46A7-35FE-480D-A987-B94C84D76686}.Debug|x64.ActiveCfg = Debug|Any CPU
		{79DD46A7-35FE-480D-A987-B94C84D76686}.Debug|x64.Build.0 = Debug|Any CPU
		{79DD46A7-35FE-480D-A987-B94C84D76686}.Debug|x86.ActiveCfg = Debug|Any CPU
		{79DD46A7-35FE-480D-A987-B94C84D76686}.Debug|x86.Build.0 = Debug|Any CPU
		{79DD46A7-35FE-480D-A987-B94C84D76686}.Release|Any CPU.ActiveCfg = Release|Any CPU
		{79DD46A7-35FE-480D-A987-B94C84D76686}.Release|Any CPU.Build.0 = Release|Any CPU
		{79DD46A7-35FE-480D-A987-B94C84D76686}.Release|x64.ActiveCfg = Release|Any CPU
		{79DD46A7-35FE-480D-A987-B94C84D76686}.Release|x64.Build.0 = Release|Any CPU
		{79DD46A7-35FE-480D-A987-B94C84D76686}.Release|x86.ActiveCfg = Release|Any CPU
		{79DD46A7-35FE-480D-A987-B94C84D76686}.Release|x86.Build.0 = Release|Any CPU
		{4486B5D6-109E-4BDB-835F-149A978AE24C}.Debug|Any CPU.ActiveCfg = Debug|Any CPU
		{4486B5D6-109E-4BDB-835F-149A978AE24C}.Debug|Any CPU.Build.0 = Debug|Any CPU
		{4486B5D6-109E-4BDB-835F-149A978AE24C}.Debug|x64.ActiveCfg = Debug|Any CPU
		{4486B5D6-109E-4BDB-835F-149A978AE24C}.Debug|x64.Build.0 = Debug|Any CPU
		{4486B5D6-109E-4BDB-835F-149A978AE24C}.Debug|x86.ActiveCfg = Debug|Any CPU
		{4486B5D6-109E-4BDB-835F-149A978AE24C}.Debug|x86.Build.0 = Debug|Any CPU
		{4486B5D6-109E-4BDB-835F-149A978AE24C}.Release|Any CPU.ActiveCfg = Release|Any CPU
		{4486B5D6-109E-4BDB-835F-149A978AE24C}.Release|Any CPU.Build.0 = Release|Any CPU
		{4486B5D6-109E-4BDB-835F-149A978AE24C}.Release|x64.ActiveCfg = Release|Any CPU
		{4486B5D6-109E-4BDB-835F-149A978AE24C}.Release|x64.Build.0 = Release|Any CPU
		{4486B5D6-109E-4BDB-835F-149A978AE24C}.Release|x86.ActiveCfg = Release|Any CPU
		{4486B5D6-109E-4BDB-835F-149A978AE24C}.Release|x86.Build.0 = Release|Any CPU
		{6C7CDB7B-6C79-461B-BBA4-89C1D98580B5}.Debug|Any CPU.ActiveCfg = Debug|Any CPU
		{6C7CDB7B-6C79-461B-BBA4-89C1D98580B5}.Debug|Any CPU.Build.0 = Debug|Any CPU
		{6C7CDB7B-6C79-461B-BBA4-89C1D98580B5}.Debug|x64.ActiveCfg = Debug|Any CPU
		{6C7CDB7B-6C79-461B-BBA4-89C1D98580B5}.Debug|x64.Build.0 = Debug|Any CPU
		{6C7CDB7B-6C79-461B-BBA4-89C1D98580B5}.Debug|x86.ActiveCfg = Debug|Any CPU
		{6C7CDB7B-6C79-461B-BBA4-89C1D98580B5}.Debug|x86.Build.0 = Debug|Any CPU
		{6C7CDB7B-6C79-461B-BBA4-89C1D98580B5}.Release|Any CPU.ActiveCfg = Release|Any CPU
		{6C7CDB7B-6C79-461B-BBA4-89C1D98580B5}.Release|Any CPU.Build.0 = Release|Any CPU
		{6C7CDB7B-6C79-461B-BBA4-89C1D98580B5}.Release|x64.ActiveCfg = Release|Any CPU
		{6C7CDB7B-6C79-461B-BBA4-89C1D98580B5}.Release|x64.Build.0 = Release|Any CPU
		{6C7CDB7B-6C79-461B-BBA4-89C1D98580B5}.Release|x86.ActiveCfg = Release|Any CPU
		{6C7CDB7B-6C79-461B-BBA4-89C1D98580B5}.Release|x86.Build.0 = Release|Any CPU
		{B235CD84-D2CA-4466-9029-EE2C7A658854}.Debug|Any CPU.ActiveCfg = Debug|Any CPU
		{B235CD84-D2CA-4466-9029-EE2C7A658854}.Debug|Any CPU.Build.0 = Debug|Any CPU
		{B235CD84-D2CA-4466-9029-EE2C7A658854}.Debug|x64.ActiveCfg = Debug|Any CPU
		{B235CD84-D2CA-4466-9029-EE2C7A658854}.Debug|x64.Build.0 = Debug|Any CPU
		{B235CD84-D2CA-4466-9029-EE2C7A658854}.Debug|x86.ActiveCfg = Debug|Any CPU
		{B235CD84-D2CA-4466-9029-EE2C7A658854}.Debug|x86.Build.0 = Debug|Any CPU
		{B235CD84-D2CA-4466-9029-EE2C7A658854}.Release|Any CPU.ActiveCfg = Release|Any CPU
		{B235CD84-D2CA-4466-9029-EE2C7A658854}.Release|Any CPU.Build.0 = Release|Any CPU
		{B235CD84-D2CA-4466-9029-EE2C7A658854}.Release|x64.ActiveCfg = Release|Any CPU
		{B235CD84-D2CA-4466-9029-EE2C7A658854}.Release|x64.Build.0 = Release|Any CPU
		{B235CD84-D2CA-4466-9029-EE2C7A658854}.Release|x86.ActiveCfg = Release|Any CPU
		{B235CD84-D2CA-4466-9029-EE2C7A658854}.Release|x86.Build.0 = Release|Any CPU
		{C11F1C51-4050-447E-8BCD-E82FF3F92CD5}.Debug|Any CPU.ActiveCfg = Debug|Any CPU
		{C11F1C51-4050-447E-8BCD-E82FF3F92CD5}.Debug|Any CPU.Build.0 = Debug|Any CPU
		{C11F1C51-4050-447E-8BCD-E82FF3F92CD5}.Debug|x64.ActiveCfg = Debug|Any CPU
		{C11F1C51-4050-447E-8BCD-E82FF3F92CD5}.Debug|x64.Build.0 = Debug|Any CPU
		{C11F1C51-4050-447E-8BCD-E82FF3F92CD5}.Debug|x86.ActiveCfg = Debug|Any CPU
		{C11F1C51-4050-447E-8BCD-E82FF3F92CD5}.Debug|x86.Build.0 = Debug|Any CPU
		{C11F1C51-4050-447E-8BCD-E82FF3F92CD5}.Release|Any CPU.ActiveCfg = Release|Any CPU
		{C11F1C51-4050-447E-8BCD-E82FF3F92CD5}.Release|Any CPU.Build.0 = Release|Any CPU
		{C11F1C51-4050-447E-8BCD-E82FF3F92CD5}.Release|x64.ActiveCfg = Release|Any CPU
		{C11F1C51-4050-447E-8BCD-E82FF3F92CD5}.Release|x64.Build.0 = Release|Any CPU
		{C11F1C51-4050-447E-8BCD-E82FF3F92CD5}.Release|x86.ActiveCfg = Release|Any CPU
		{C11F1C51-4050-447E-8BCD-E82FF3F92CD5}.Release|x86.Build.0 = Release|Any CPU
		{328DB73D-68CC-4D02-AF1A-2361C9BF2921}.Debug|Any CPU.ActiveCfg = Debug|Any CPU
		{328DB73D-68CC-4D02-AF1A-2361C9BF2921}.Debug|Any CPU.Build.0 = Debug|Any CPU
		{328DB73D-68CC-4D02-AF1A-2361C9BF2921}.Debug|x64.ActiveCfg = Debug|Any CPU
		{328DB73D-68CC-4D02-AF1A-2361C9BF2921}.Debug|x64.Build.0 = Debug|Any CPU
		{328DB73D-68CC-4D02-AF1A-2361C9BF2921}.Debug|x86.ActiveCfg = Debug|Any CPU
		{328DB73D-68CC-4D02-AF1A-2361C9BF2921}.Debug|x86.Build.0 = Debug|Any CPU
		{328DB73D-68CC-4D02-AF1A-2361C9BF2921}.Release|Any CPU.ActiveCfg = Release|Any CPU
		{328DB73D-68CC-4D02-AF1A-2361C9BF2921}.Release|Any CPU.Build.0 = Release|Any CPU
		{328DB73D-68CC-4D02-AF1A-2361C9BF2921}.Release|x64.ActiveCfg = Release|Any CPU
		{328DB73D-68CC-4D02-AF1A-2361C9BF2921}.Release|x64.Build.0 = Release|Any CPU
		{328DB73D-68CC-4D02-AF1A-2361C9BF2921}.Release|x86.ActiveCfg = Release|Any CPU
		{328DB73D-68CC-4D02-AF1A-2361C9BF2921}.Release|x86.Build.0 = Release|Any CPU
	EndGlobalSection
	GlobalSection(SolutionProperties) = preSolution
		HideSolutionNode = FALSE
	EndGlobalSection
	GlobalSection(NestedProjects) = preSolution
		{944559FB-0009-4696-91F5-80FC26E49618} = {2C2470AA-8E92-2DCC-0362-B4FF0A416377}
		{D215CFD8-CC9A-4B88-99AC-08387D9FDC42} = {5D20AA90-6969-D8BD-9DCD-8634F4692FDA}
		{97F1F81B-05C4-44AE-A5C3-9CC38FC2B1EC} = {5D20AA90-6969-D8BD-9DCD-8634F4692FDA}
		{4F48DB37-A55B-4FB5-956C-278FAC1C03E3} = {5D20AA90-6969-D8BD-9DCD-8634F4692FDA}
		{C34185BC-D2A1-426C-8059-C49E7A01A291} = {827E0CD3-B72D-47B6-A68D-7590B98EB39B}
		{1C7A65CE-4BE9-460C-97DE-B3C977949271} = {827E0CD3-B72D-47B6-A68D-7590B98EB39B}
		{11F47425-3997-4F0A-8282-00F86447D484} = {827E0CD3-B72D-47B6-A68D-7590B98EB39B}
		{7BBA9A33-02E2-44CB-9CDD-8502E8256F8E} = {827E0CD3-B72D-47B6-A68D-7590B98EB39B}
		{7CB8C985-F04C-44C6-B55F-2A0C36D71A9A} = {827E0CD3-B72D-47B6-A68D-7590B98EB39B}
		{88684AFA-1CC0-457B-95B0-CB7728BC7645} = {827E0CD3-B72D-47B6-A68D-7590B98EB39B}
		{EF47A05C-28FC-4C41-8E1C-C0760168C6E4} = {827E0CD3-B72D-47B6-A68D-7590B98EB39B}
		{A4A51CC0-4526-4AC4-9EDE-EE1FDA814CB9} = {827E0CD3-B72D-47B6-A68D-7590B98EB39B}
		{79DD46A7-35FE-480D-A987-B94C84D76686} = {827E0CD3-B72D-47B6-A68D-7590B98EB39B}
		{4486B5D6-109E-4BDB-835F-149A978AE24C} = {827E0CD3-B72D-47B6-A68D-7590B98EB39B}
		{6C7CDB7B-6C79-461B-BBA4-89C1D98580B5} = {0AB3BF05-4346-4AA6-1389-037BE0695223}
		{D0D6B8B0-AC35-B3FA-0B96-A9B0E4A3253E} = {0AB3BF05-4346-4AA6-1389-037BE0695223}
		{B235CD84-D2CA-4466-9029-EE2C7A658854} = {D0D6B8B0-AC35-B3FA-0B96-A9B0E4A3253E}
		{C11F1C51-4050-447E-8BCD-E82FF3F92CD5} = {0AB3BF05-4346-4AA6-1389-037BE0695223}
		{328DB73D-68CC-4D02-AF1A-2361C9BF2921} = {0AB3BF05-4346-4AA6-1389-037BE0695223}
	EndGlobalSection
EndGlobal
