
Microsoft Visual Studio Solution File, Format Version 12.00
# Visual Studio Version 16
VisualStudioVersion = 16.0.31025.194
MinimumVisualStudioVersion = 10.0.40219.1
Project("{9A19103F-16F7-4668-BE54-9A1E7A4F7556}") = "Build", "Build.csproj", "{79BD7F6E-3F66-4597-99B9-6207D04DEB69}"
EndProject
Global
	GlobalSection(SolutionConfigurationPlatforms) = preSolution
		Debug|Any CPU = Debug|Any CPU
		Release|Any CPU = Release|Any CPU
	EndGlobalSection
	GlobalSection(ProjectConfigurationPlatforms) = postSolution
		{79BD7F6E-3F66-4597-99B9-6207D04DEB69}.Debug|Any CPU.ActiveCfg = Debug|Any CPU
		{79BD7F6E-3F66-4597-99B9-6207D04DEB69}.Debug|Any CPU.Build.0 = Debug|Any CPU
		{79BD7F6E-3F66-4597-99B9-6207D04DEB69}.Release|Any CPU.ActiveCfg = Release|Any CPU
		{79BD7F6E-3F66-4597-99B9-6207D04DEB69}.Release|Any CPU.Build.0 = Release|Any CPU
	EndGlobalSection
	GlobalSection(SolutionProperties) = preSolution
		HideSolutionNode = FALSE
	EndGlobalSection
	GlobalSection(ExtensibilityGlobals) = postSolution
		SolutionGuid = {FC9F05C6-BBA9-4B34-BCD1-3FDE3469CE81}
	EndGlobalSection
EndGlobal
